
Microsoft Visual Studio Solution File, Format Version 12.00
# Visual Studio Version 17
VisualStudioVersion = 17.0.31903.59
MinimumVisualStudioVersion = 10.0.40219.1
Project("{2150E333-8FDC-42A3-9474-1A3956D46DE8}") = "src", "src", "{827E0CD3-B72D-47B6-A68D-7590B98EB39B}"
EndProject
Project("{FAE04EC0-301F-11D3-BF4B-00C04F79EFBC}") = "WingedBean.Contracts.Core", "src\WingedBean.Contracts.Core\WingedBean.Contracts.Core.csproj", "{4ABC7514-7F47-4E42-9B36-5DE52A9A0DE2}"
EndProject
Project("{FAE04EC0-301F-11D3-BF4B-00C04F79EFBC}") = "WingedBean.Contracts.Config", "src\WingedBean.Contracts.Config\WingedBean.Contracts.Config.csproj", "{D9979D75-EB66-4AD7-8CA0-B1FE95B344B1}"
EndProject
Project("{FAE04EC0-301F-11D3-BF4B-00C04F79EFBC}") = "WingedBean.Contracts.Audio", "src\WingedBean.Contracts.Audio\WingedBean.Contracts.Audio.csproj", "{CEC30220-5DFF-4E4E-8655-BC8562815734}"
EndProject
Project("{FAE04EC0-301F-11D3-BF4B-00C04F79EFBC}") = "WingedBean.Contracts.Resource", "src\WingedBean.Contracts.Resource\WingedBean.Contracts.Resource.csproj", "{06B15073-2D04-4E30-87CC-BE1A42E5ED9D}"
EndProject
Project("{FAE04EC0-301F-11D3-BF4B-00C04F79EFBC}") = "WingedBean.Contracts.WebSocket", "src\WingedBean.Contracts.WebSocket\WingedBean.Contracts.WebSocket.csproj", "{C61C7F7E-67E1-4773-8420-14B7E3246B54}"
EndProject
Project("{FAE04EC0-301F-11D3-BF4B-00C04F79EFBC}") = "WingedBean.Contracts.TerminalUI", "src\WingedBean.Contracts.TerminalUI\WingedBean.Contracts.TerminalUI.csproj", "{9F58FB13-A38E-4708-8EB4-8077AA470FFF}"
EndProject
Project("{FAE04EC0-301F-11D3-BF4B-00C04F79EFBC}") = "WingedBean.Registry", "src\WingedBean.Registry\WingedBean.Registry.csproj", "{9D69D092-EB10-4D58-A061-9035F97C3B36}"
EndProject
Project("{2150E333-8FDC-42A3-9474-1A3956D46DE8}") = "tests", "tests", "{0AB3BF05-4346-4AA6-1389-037BE0695223}"
EndProject
Project("{FAE04EC0-301F-11D3-BF4B-00C04F79EFBC}") = "WingedBean.Registry.Tests", "tests\WingedBean.Registry.Tests\WingedBean.Registry.Tests.csproj", "{9F46DDA2-1EA4-4460-87E1-FC45511BA4E0}"
EndProject
Project("{FAE04EC0-301F-11D3-BF4B-00C04F79EFBC}") = "WingedBean.Contracts.Pty", "src\WingedBean.Contracts.Pty\WingedBean.Contracts.Pty.csproj", "{E1A5C04D-D090-412F-BA06-3F1D0B4290F4}"
EndProject
Project("{FAE04EC0-301F-11D3-BF4B-00C04F79EFBC}") = "WingedBean.SourceGenerators.Proxy", "src\WingedBean.SourceGenerators.Proxy\WingedBean.SourceGenerators.Proxy.csproj", "{663FDC1B-FEC7-4723-93ED-6DE0D16EDF99}"
EndProject
Project("{FAE04EC0-301F-11D3-BF4B-00C04F79EFBC}") = "WingedBean.PluginSystem", "src\WingedBean.PluginSystem\WingedBean.PluginSystem.csproj", "{8F1B0E69-B3FD-4A94-A1AA-805F54A1C04D}"
EndProject
Project("{FAE04EC0-301F-11D3-BF4B-00C04F79EFBC}") = "WingedBean.PluginLoader", "src\WingedBean.PluginLoader\WingedBean.PluginLoader.csproj", "{D7E8A83B-4FEF-4D80-A6DD-63AA0DB7AD68}"
EndProject
Project("{FAE04EC0-301F-11D3-BF4B-00C04F79EFBC}") = "WingedBean.SourceGenerators.Proxy.Tests", "tests\WingedBean.SourceGenerators.Proxy.Tests\WingedBean.SourceGenerators.Proxy.Tests.csproj", "{E59DD87C-7F9A-4D0B-AE65-7BAD8681934D}"
EndProject
Global
	GlobalSection(SolutionConfigurationPlatforms) = preSolution
		Debug|Any CPU = Debug|Any CPU
		Debug|x64 = Debug|x64
		Debug|x86 = Debug|x86
		Release|Any CPU = Release|Any CPU
		Release|x64 = Release|x64
		Release|x86 = Release|x86
	EndGlobalSection
	GlobalSection(ProjectConfigurationPlatforms) = postSolution
		{4ABC7514-7F47-4E42-9B36-5DE52A9A0DE2}.Debug|Any CPU.ActiveCfg = Debug|Any CPU
		{4ABC7514-7F47-4E42-9B36-5DE52A9A0DE2}.Debug|Any CPU.Build.0 = Debug|Any CPU
		{4ABC7514-7F47-4E42-9B36-5DE52A9A0DE2}.Debug|x64.ActiveCfg = Debug|Any CPU
		{4ABC7514-7F47-4E42-9B36-5DE52A9A0DE2}.Debug|x64.Build.0 = Debug|Any CPU
		{4ABC7514-7F47-4E42-9B36-5DE52A9A0DE2}.Debug|x86.ActiveCfg = Debug|Any CPU
		{4ABC7514-7F47-4E42-9B36-5DE52A9A0DE2}.Debug|x86.Build.0 = Debug|Any CPU
		{4ABC7514-7F47-4E42-9B36-5DE52A9A0DE2}.Release|Any CPU.ActiveCfg = Release|Any CPU
		{4ABC7514-7F47-4E42-9B36-5DE52A9A0DE2}.Release|Any CPU.Build.0 = Release|Any CPU
		{4ABC7514-7F47-4E42-9B36-5DE52A9A0DE2}.Release|x64.ActiveCfg = Release|Any CPU
		{4ABC7514-7F47-4E42-9B36-5DE52A9A0DE2}.Release|x64.Build.0 = Release|Any CPU
		{4ABC7514-7F47-4E42-9B36-5DE52A9A0DE2}.Release|x86.ActiveCfg = Release|Any CPU
		{4ABC7514-7F47-4E42-9B36-5DE52A9A0DE2}.Release|x86.Build.0 = Release|Any CPU
		{D9979D75-EB66-4AD7-8CA0-B1FE95B344B1}.Debug|Any CPU.ActiveCfg = Debug|Any CPU
		{D9979D75-EB66-4AD7-8CA0-B1FE95B344B1}.Debug|Any CPU.Build.0 = Debug|Any CPU
		{D9979D75-EB66-4AD7-8CA0-B1FE95B344B1}.Debug|x64.ActiveCfg = Debug|Any CPU
		{D9979D75-EB66-4AD7-8CA0-B1FE95B344B1}.Debug|x64.Build.0 = Debug|Any CPU
		{D9979D75-EB66-4AD7-8CA0-B1FE95B344B1}.Debug|x86.ActiveCfg = Debug|Any CPU
		{D9979D75-EB66-4AD7-8CA0-B1FE95B344B1}.Debug|x86.Build.0 = Debug|Any CPU
		{D9979D75-EB66-4AD7-8CA0-B1FE95B344B1}.Release|Any CPU.ActiveCfg = Release|Any CPU
		{D9979D75-EB66-4AD7-8CA0-B1FE95B344B1}.Release|Any CPU.Build.0 = Release|Any CPU
		{D9979D75-EB66-4AD7-8CA0-B1FE95B344B1}.Release|x64.ActiveCfg = Release|Any CPU
		{D9979D75-EB66-4AD7-8CA0-B1FE95B344B1}.Release|x64.Build.0 = Release|Any CPU
		{D9979D75-EB66-4AD7-8CA0-B1FE95B344B1}.Release|x86.ActiveCfg = Release|Any CPU
		{D9979D75-EB66-4AD7-8CA0-B1FE95B344B1}.Release|x86.Build.0 = Release|Any CPU
		{CEC30220-5DFF-4E4E-8655-BC8562815734}.Debug|Any CPU.ActiveCfg = Debug|Any CPU
		{CEC30220-5DFF-4E4E-8655-BC8562815734}.Debug|Any CPU.Build.0 = Debug|Any CPU
		{CEC30220-5DFF-4E4E-8655-BC8562815734}.Debug|x64.ActiveCfg = Debug|Any CPU
		{CEC30220-5DFF-4E4E-8655-BC8562815734}.Debug|x64.Build.0 = Debug|Any CPU
		{CEC30220-5DFF-4E4E-8655-BC8562815734}.Debug|x86.ActiveCfg = Debug|Any CPU
		{CEC30220-5DFF-4E4E-8655-BC8562815734}.Debug|x86.Build.0 = Debug|Any CPU
		{CEC30220-5DFF-4E4E-8655-BC8562815734}.Release|Any CPU.ActiveCfg = Release|Any CPU
		{CEC30220-5DFF-4E4E-8655-BC8562815734}.Release|Any CPU.Build.0 = Release|Any CPU
		{CEC30220-5DFF-4E4E-8655-BC8562815734}.Release|x64.ActiveCfg = Release|Any CPU
		{CEC30220-5DFF-4E4E-8655-BC8562815734}.Release|x64.Build.0 = Release|Any CPU
		{CEC30220-5DFF-4E4E-8655-BC8562815734}.Release|x86.ActiveCfg = Release|Any CPU
		{CEC30220-5DFF-4E4E-8655-BC8562815734}.Release|x86.Build.0 = Release|Any CPU
		{06B15073-2D04-4E30-87CC-BE1A42E5ED9D}.Debug|Any CPU.ActiveCfg = Debug|Any CPU
		{06B15073-2D04-4E30-87CC-BE1A42E5ED9D}.Debug|Any CPU.Build.0 = Debug|Any CPU
		{06B15073-2D04-4E30-87CC-BE1A42E5ED9D}.Debug|x64.ActiveCfg = Debug|Any CPU
		{06B15073-2D04-4E30-87CC-BE1A42E5ED9D}.Debug|x64.Build.0 = Debug|Any CPU
		{06B15073-2D04-4E30-87CC-BE1A42E5ED9D}.Debug|x86.ActiveCfg = Debug|Any CPU
		{06B15073-2D04-4E30-87CC-BE1A42E5ED9D}.Debug|x86.Build.0 = Debug|Any CPU
		{06B15073-2D04-4E30-87CC-BE1A42E5ED9D}.Release|Any CPU.ActiveCfg = Release|Any CPU
		{06B15073-2D04-4E30-87CC-BE1A42E5ED9D}.Release|Any CPU.Build.0 = Release|Any CPU
		{06B15073-2D04-4E30-87CC-BE1A42E5ED9D}.Release|x64.ActiveCfg = Release|Any CPU
		{06B15073-2D04-4E30-87CC-BE1A42E5ED9D}.Release|x64.Build.0 = Release|Any CPU
		{06B15073-2D04-4E30-87CC-BE1A42E5ED9D}.Release|x86.ActiveCfg = Release|Any CPU
		{06B15073-2D04-4E30-87CC-BE1A42E5ED9D}.Release|x86.Build.0 = Release|Any CPU
		{C61C7F7E-67E1-4773-8420-14B7E3246B54}.Debug|Any CPU.ActiveCfg = Debug|Any CPU
		{C61C7F7E-67E1-4773-8420-14B7E3246B54}.Debug|Any CPU.Build.0 = Debug|Any CPU
		{C61C7F7E-67E1-4773-8420-14B7E3246B54}.Debug|x64.ActiveCfg = Debug|Any CPU
		{C61C7F7E-67E1-4773-8420-14B7E3246B54}.Debug|x64.Build.0 = Debug|Any CPU
		{C61C7F7E-67E1-4773-8420-14B7E3246B54}.Debug|x86.ActiveCfg = Debug|Any CPU
		{C61C7F7E-67E1-4773-8420-14B7E3246B54}.Debug|x86.Build.0 = Debug|Any CPU
		{C61C7F7E-67E1-4773-8420-14B7E3246B54}.Release|Any CPU.ActiveCfg = Release|Any CPU
		{C61C7F7E-67E1-4773-8420-14B7E3246B54}.Release|Any CPU.Build.0 = Release|Any CPU
		{C61C7F7E-67E1-4773-8420-14B7E3246B54}.Release|x64.ActiveCfg = Release|Any CPU
		{C61C7F7E-67E1-4773-8420-14B7E3246B54}.Release|x64.Build.0 = Release|Any CPU
		{C61C7F7E-67E1-4773-8420-14B7E3246B54}.Release|x86.ActiveCfg = Release|Any CPU
		{C61C7F7E-67E1-4773-8420-14B7E3246B54}.Release|x86.Build.0 = Release|Any CPU
		{9F58FB13-A38E-4708-8EB4-8077AA470FFF}.Debug|Any CPU.ActiveCfg = Debug|Any CPU
		{9F58FB13-A38E-4708-8EB4-8077AA470FFF}.Debug|Any CPU.Build.0 = Debug|Any CPU
		{9F58FB13-A38E-4708-8EB4-8077AA470FFF}.Debug|x64.ActiveCfg = Debug|Any CPU
		{9F58FB13-A38E-4708-8EB4-8077AA470FFF}.Debug|x64.Build.0 = Debug|Any CPU
		{9F58FB13-A38E-4708-8EB4-8077AA470FFF}.Debug|x86.ActiveCfg = Debug|Any CPU
		{9F58FB13-A38E-4708-8EB4-8077AA470FFF}.Debug|x86.Build.0 = Debug|Any CPU
		{9F58FB13-A38E-4708-8EB4-8077AA470FFF}.Release|Any CPU.ActiveCfg = Release|Any CPU
		{9F58FB13-A38E-4708-8EB4-8077AA470FFF}.Release|Any CPU.Build.0 = Release|Any CPU
		{9F58FB13-A38E-4708-8EB4-8077AA470FFF}.Release|x64.ActiveCfg = Release|Any CPU
		{9F58FB13-A38E-4708-8EB4-8077AA470FFF}.Release|x64.Build.0 = Release|Any CPU
		{9F58FB13-A38E-4708-8EB4-8077AA470FFF}.Release|x86.ActiveCfg = Release|Any CPU
		{9F58FB13-A38E-4708-8EB4-8077AA470FFF}.Release|x86.Build.0 = Release|Any CPU
		{9D69D092-EB10-4D58-A061-9035F97C3B36}.Debug|Any CPU.ActiveCfg = Debug|Any CPU
		{9D69D092-EB10-4D58-A061-9035F97C3B36}.Debug|Any CPU.Build.0 = Debug|Any CPU
		{9D69D092-EB10-4D58-A061-9035F97C3B36}.Debug|x64.ActiveCfg = Debug|Any CPU
		{9D69D092-EB10-4D58-A061-9035F97C3B36}.Debug|x64.Build.0 = Debug|Any CPU
		{9D69D092-EB10-4D58-A061-9035F97C3B36}.Debug|x86.ActiveCfg = Debug|Any CPU
		{9D69D092-EB10-4D58-A061-9035F97C3B36}.Debug|x86.Build.0 = Debug|Any CPU
		{9D69D092-EB10-4D58-A061-9035F97C3B36}.Release|Any CPU.ActiveCfg = Release|Any CPU
		{9D69D092-EB10-4D58-A061-9035F97C3B36}.Release|Any CPU.Build.0 = Release|Any CPU
		{9D69D092-EB10-4D58-A061-9035F97C3B36}.Release|x64.ActiveCfg = Release|Any CPU
		{9D69D092-EB10-4D58-A061-9035F97C3B36}.Release|x64.Build.0 = Release|Any CPU
		{9D69D092-EB10-4D58-A061-9035F97C3B36}.Release|x86.ActiveCfg = Release|Any CPU
		{9D69D092-EB10-4D58-A061-9035F97C3B36}.Release|x86.Build.0 = Release|Any CPU
		{9F46DDA2-1EA4-4460-87E1-FC45511BA4E0}.Debug|Any CPU.ActiveCfg = Debug|Any CPU
		{9F46DDA2-1EA4-4460-87E1-FC45511BA4E0}.Debug|Any CPU.Build.0 = Debug|Any CPU
		{9F46DDA2-1EA4-4460-87E1-FC45511BA4E0}.Debug|x64.ActiveCfg = Debug|Any CPU
		{9F46DDA2-1EA4-4460-87E1-FC45511BA4E0}.Debug|x64.Build.0 = Debug|Any CPU
		{9F46DDA2-1EA4-4460-87E1-FC45511BA4E0}.Debug|x86.ActiveCfg = Debug|Any CPU
		{9F46DDA2-1EA4-4460-87E1-FC45511BA4E0}.Debug|x86.Build.0 = Debug|Any CPU
		{9F46DDA2-1EA4-4460-87E1-FC45511BA4E0}.Release|Any CPU.ActiveCfg = Release|Any CPU
		{9F46DDA2-1EA4-4460-87E1-FC45511BA4E0}.Release|Any CPU.Build.0 = Release|Any CPU
		{9F46DDA2-1EA4-4460-87E1-FC45511BA4E0}.Release|x64.ActiveCfg = Release|Any CPU
		{9F46DDA2-1EA4-4460-87E1-FC45511BA4E0}.Release|x64.Build.0 = Release|Any CPU
		{9F46DDA2-1EA4-4460-87E1-FC45511BA4E0}.Release|x86.ActiveCfg = Release|Any CPU
		{9F46DDA2-1EA4-4460-87E1-FC45511BA4E0}.Release|x86.Build.0 = Release|Any CPU
		{E1A5C04D-D090-412F-BA06-3F1D0B4290F4}.Debug|Any CPU.ActiveCfg = Debug|Any CPU
		{E1A5C04D-D090-412F-BA06-3F1D0B4290F4}.Debug|Any CPU.Build.0 = Debug|Any CPU
		{E1A5C04D-D090-412F-BA06-3F1D0B4290F4}.Debug|x64.ActiveCfg = Debug|Any CPU
		{E1A5C04D-D090-412F-BA06-3F1D0B4290F4}.Debug|x64.Build.0 = Debug|Any CPU
		{E1A5C04D-D090-412F-BA06-3F1D0B4290F4}.Debug|x86.ActiveCfg = Debug|Any CPU
		{E1A5C04D-D090-412F-BA06-3F1D0B4290F4}.Debug|x86.Build.0 = Debug|Any CPU
		{E1A5C04D-D090-412F-BA06-3F1D0B4290F4}.Release|Any CPU.ActiveCfg = Release|Any CPU
		{E1A5C04D-D090-412F-BA06-3F1D0B4290F4}.Release|Any CPU.Build.0 = Release|Any CPU
		{E1A5C04D-D090-412F-BA06-3F1D0B4290F4}.Release|x64.ActiveCfg = Release|Any CPU
		{E1A5C04D-D090-412F-BA06-3F1D0B4290F4}.Release|x64.Build.0 = Release|Any CPU
		{E1A5C04D-D090-412F-BA06-3F1D0B4290F4}.Release|x86.ActiveCfg = Release|Any CPU
		{E1A5C04D-D090-412F-BA06-3F1D0B4290F4}.Release|x86.Build.0 = Release|Any CPU
		{663FDC1B-FEC7-4723-93ED-6DE0D16EDF99}.Debug|Any CPU.ActiveCfg = Debug|Any CPU
		{663FDC1B-FEC7-4723-93ED-6DE0D16EDF99}.Debug|Any CPU.Build.0 = Debug|Any CPU
		{663FDC1B-FEC7-4723-93ED-6DE0D16EDF99}.Debug|x64.ActiveCfg = Debug|Any CPU
		{663FDC1B-FEC7-4723-93ED-6DE0D16EDF99}.Debug|x64.Build.0 = Debug|Any CPU
		{663FDC1B-FEC7-4723-93ED-6DE0D16EDF99}.Debug|x86.ActiveCfg = Debug|Any CPU
		{663FDC1B-FEC7-4723-93ED-6DE0D16EDF99}.Debug|x86.Build.0 = Debug|Any CPU
		{663FDC1B-FEC7-4723-93ED-6DE0D16EDF99}.Release|Any CPU.ActiveCfg = Release|Any CPU
		{663FDC1B-FEC7-4723-93ED-6DE0D16EDF99}.Release|Any CPU.Build.0 = Release|Any CPU
		{663FDC1B-FEC7-4723-93ED-6DE0D16EDF99}.Release|x64.ActiveCfg = Release|Any CPU
		{663FDC1B-FEC7-4723-93ED-6DE0D16EDF99}.Release|x64.Build.0 = Release|Any CPU
		{663FDC1B-FEC7-4723-93ED-6DE0D16EDF99}.Release|x86.ActiveCfg = Release|Any CPU
		{663FDC1B-FEC7-4723-93ED-6DE0D16EDF99}.Release|x86.Build.0 = Release|Any CPU
		{8F1B0E69-B3FD-4A94-A1AA-805F54A1C04D}.Debug|Any CPU.ActiveCfg = Debug|Any CPU
		{8F1B0E69-B3FD-4A94-A1AA-805F54A1C04D}.Debug|Any CPU.Build.0 = Debug|Any CPU
		{8F1B0E69-B3FD-4A94-A1AA-805F54A1C04D}.Debug|x64.ActiveCfg = Debug|Any CPU
		{8F1B0E69-B3FD-4A94-A1AA-805F54A1C04D}.Debug|x64.Build.0 = Debug|Any CPU
		{8F1B0E69-B3FD-4A94-A1AA-805F54A1C04D}.Debug|x86.ActiveCfg = Debug|Any CPU
		{8F1B0E69-B3FD-4A94-A1AA-805F54A1C04D}.Debug|x86.Build.0 = Debug|Any CPU
		{8F1B0E69-B3FD-4A94-A1AA-805F54A1C04D}.Release|Any CPU.ActiveCfg = Release|Any CPU
		{8F1B0E69-B3FD-4A94-A1AA-805F54A1C04D}.Release|Any CPU.Build.0 = Release|Any CPU
		{8F1B0E69-B3FD-4A94-A1AA-805F54A1C04D}.Release|x64.ActiveCfg = Release|Any CPU
		{8F1B0E69-B3FD-4A94-A1AA-805F54A1C04D}.Release|x64.Build.0 = Release|Any CPU
		{8F1B0E69-B3FD-4A94-A1AA-805F54A1C04D}.Release|x86.ActiveCfg = Release|Any CPU
		{8F1B0E69-B3FD-4A94-A1AA-805F54A1C04D}.Release|x86.Build.0 = Release|Any CPU
		{D7E8A83B-4FEF-4D80-A6DD-63AA0DB7AD68}.Debug|Any CPU.ActiveCfg = Debug|Any CPU
		{D7E8A83B-4FEF-4D80-A6DD-63AA0DB7AD68}.Debug|Any CPU.Build.0 = Debug|Any CPU
		{D7E8A83B-4FEF-4D80-A6DD-63AA0DB7AD68}.Debug|x64.ActiveCfg = Debug|Any CPU
		{D7E8A83B-4FEF-4D80-A6DD-63AA0DB7AD68}.Debug|x64.Build.0 = Debug|Any CPU
		{D7E8A83B-4FEF-4D80-A6DD-63AA0DB7AD68}.Debug|x86.ActiveCfg = Debug|Any CPU
		{D7E8A83B-4FEF-4D80-A6DD-63AA0DB7AD68}.Debug|x86.Build.0 = Debug|Any CPU
		{D7E8A83B-4FEF-4D80-A6DD-63AA0DB7AD68}.Release|Any CPU.ActiveCfg = Release|Any CPU
		{D7E8A83B-4FEF-4D80-A6DD-63AA0DB7AD68}.Release|Any CPU.Build.0 = Release|Any CPU
		{D7E8A83B-4FEF-4D80-A6DD-63AA0DB7AD68}.Release|x64.ActiveCfg = Release|Any CPU
		{D7E8A83B-4FEF-4D80-A6DD-63AA0DB7AD68}.Release|x64.Build.0 = Release|Any CPU
		{D7E8A83B-4FEF-4D80-A6DD-63AA0DB7AD68}.Release|x86.ActiveCfg = Release|Any CPU
		{D7E8A83B-4FEF-4D80-A6DD-63AA0DB7AD68}.Release|x86.Build.0 = Release|Any CPU
		{E59DD87C-7F9A-4D0B-AE65-7BAD8681934D}.Debug|Any CPU.ActiveCfg = Debug|Any CPU
		{E59DD87C-7F9A-4D0B-AE65-7BAD8681934D}.Debug|Any CPU.Build.0 = Debug|Any CPU
		{E59DD87C-7F9A-4D0B-AE65-7BAD8681934D}.Debug|x64.ActiveCfg = Debug|Any CPU
		{E59DD87C-7F9A-4D0B-AE65-7BAD8681934D}.Debug|x64.Build.0 = Debug|Any CPU
		{E59DD87C-7F9A-4D0B-AE65-7BAD8681934D}.Debug|x86.ActiveCfg = Debug|Any CPU
		{E59DD87C-7F9A-4D0B-AE65-7BAD8681934D}.Debug|x86.Build.0 = Debug|Any CPU
		{E59DD87C-7F9A-4D0B-AE65-7BAD8681934D}.Release|Any CPU.ActiveCfg = Release|Any CPU
		{E59DD87C-7F9A-4D0B-AE65-7BAD8681934D}.Release|Any CPU.Build.0 = Release|Any CPU
		{E59DD87C-7F9A-4D0B-AE65-7BAD8681934D}.Release|x64.ActiveCfg = Release|Any CPU
		{E59DD87C-7F9A-4D0B-AE65-7BAD8681934D}.Release|x64.Build.0 = Release|Any CPU
		{E59DD87C-7F9A-4D0B-AE65-7BAD8681934D}.Release|x86.ActiveCfg = Release|Any CPU
		{E59DD87C-7F9A-4D0B-AE65-7BAD8681934D}.Release|x86.Build.0 = Release|Any CPU
	EndGlobalSection
	GlobalSection(SolutionProperties) = preSolution
		HideSolutionNode = FALSE
	EndGlobalSection
	GlobalSection(NestedProjects) = preSolution
		{4ABC7514-7F47-4E42-9B36-5DE52A9A0DE2} = {827E0CD3-B72D-47B6-A68D-7590B98EB39B}
		{D9979D75-EB66-4AD7-8CA0-B1FE95B344B1} = {827E0CD3-B72D-47B6-A68D-7590B98EB39B}
		{CEC30220-5DFF-4E4E-8655-BC8562815734} = {827E0CD3-B72D-47B6-A68D-7590B98EB39B}
		{06B15073-2D04-4E30-87CC-BE1A42E5ED9D} = {827E0CD3-B72D-47B6-A68D-7590B98EB39B}
		{C61C7F7E-67E1-4773-8420-14B7E3246B54} = {827E0CD3-B72D-47B6-A68D-7590B98EB39B}
		{9F58FB13-A38E-4708-8EB4-8077AA470FFF} = {827E0CD3-B72D-47B6-A68D-7590B98EB39B}
		{9D69D092-EB10-4D58-A061-9035F97C3B36} = {827E0CD3-B72D-47B6-A68D-7590B98EB39B}
		{9F46DDA2-1EA4-4460-87E1-FC45511BA4E0} = {0AB3BF05-4346-4AA6-1389-037BE0695223}
		{E1A5C04D-D090-412F-BA06-3F1D0B4290F4} = {827E0CD3-B72D-47B6-A68D-7590B98EB39B}
		{663FDC1B-FEC7-4723-93ED-6DE0D16EDF99} = {827E0CD3-B72D-47B6-A68D-7590B98EB39B}
		{8F1B0E69-B3FD-4A94-A1AA-805F54A1C04D} = {827E0CD3-B72D-47B6-A68D-7590B98EB39B}
		{D7E8A83B-4FEF-4D80-A6DD-63AA0DB7AD68} = {827E0CD3-B72D-47B6-A68D-7590B98EB39B}
		{E59DD87C-7F9A-4D0B-AE65-7BAD8681934D} = {0AB3BF05-4346-4AA6-1389-037BE0695223}
	EndGlobalSection
EndGlobal
