
Microsoft Visual Studio Solution File, Format Version 12.00
# Visual Studio Version 17
VisualStudioVersion = 17.0.31903.59
MinimumVisualStudioVersion = 10.0.40219.1
Project("{2150E333-8FDC-42A3-9474-1A3956D46DE8}") = "src", "src", "{827E0CD3-B72D-47B6-A68D-7590B98EB39B}"
EndProject
EndProject
EndProject
Project("{2150E333-8FDC-42A3-9474-1A3956D46DE8}") = "tests", "tests", "{0AB3BF05-4346-4AA6-1389-037BE0695223}"
EndProject
EndProject
EndProject
Project("{FAE04EC0-301F-11D3-BF4B-00C04F79EFBC}") = "WingedBean.SourceGenerators.Proxy", "src\WingedBean.SourceGenerators.Proxy\WingedBean.SourceGenerators.Proxy.csproj", "{663FDC1B-FEC7-4723-93ED-6DE0D16EDF99}"
EndProject
Project("{FAE04EC0-301F-11D3-BF4B-00C04F79EFBC}") = "WingedBean.SourceGenerators.Proxy.Tests", "tests\WingedBean.SourceGenerators.Proxy.Tests\WingedBean.SourceGenerators.Proxy.Tests.csproj", "{E59DD87C-7F9A-4D0B-AE65-7BAD8681934D}"
EndProject
EndProject
Project("{FAE04EC0-301F-11D3-BF4B-00C04F79EFBC}") = "WingedBean.FigmaSharp.Core", "src\WingedBean.FigmaSharp.Core\WingedBean.FigmaSharp.Core.csproj", "{1FAE9F1C-0455-4EA1-A7E1-736DCBD5C676}"
EndProject
Project("{FAE04EC0-301F-11D3-BF4B-00C04F79EFBC}") = "WingedBean.FigmaSharp.Core.Tests", "tests\WingedBean.FigmaSharp.Core.Tests\WingedBean.FigmaSharp.Core.Tests.csproj", "{737ECDAC-7DCC-4246-BEC9-E853B53492D1}"
EndProject
Project("{FAE04EC0-301F-11D3-BF4B-00C04F79EFBC}") = "WingedBean.Hosting", "src\WingedBean.Hosting\WingedBean.Hosting.csproj", "{9BB0EE86-3122-472D-9CFA-9F43B86CE2FB}"
EndProject
Project("{FAE04EC0-301F-11D3-BF4B-00C04F79EFBC}") = "WingedBean.Hosting.Console", "src\WingedBean.Hosting.Console\WingedBean.Hosting.Console.csproj", "{3BA3B47D-E58F-44E7-BC8C-BD5E2290BAAE}"
EndProject
Project("{FAE04EC0-301F-11D3-BF4B-00C04F79EFBC}") = "WingedBean.Hosting.Unity", "src\WingedBean.Hosting.Unity\WingedBean.Hosting.Unity.csproj", "{A49C08D4-4CA5-417D-BF15-DC43996966DB}"
EndProject
Project("{FAE04EC0-301F-11D3-BF4B-00C04F79EFBC}") = "WingedBean.Hosting.Godot", "src\WingedBean.Hosting.Godot\WingedBean.Hosting.Godot.csproj", "{DEA00E8C-F958-4A04-A940-B6256282B97E}"
EndProject
Global
	GlobalSection(SolutionConfigurationPlatforms) = preSolution
		Debug|Any CPU = Debug|Any CPU
		Debug|x64 = Debug|x64
		Debug|x86 = Debug|x86
		Release|Any CPU = Release|Any CPU
		Release|x64 = Release|x64
		Release|x86 = Release|x86
	EndGlobalSection
	GlobalSection(ProjectConfigurationPlatforms) = postSolution
		{CEC30220-5DFF-4E4E-8655-BC8562815734}.Debug|Any CPU.ActiveCfg = Debug|Any CPU
		{CEC30220-5DFF-4E4E-8655-BC8562815734}.Debug|Any CPU.Build.0 = Debug|Any CPU
		{CEC30220-5DFF-4E4E-8655-BC8562815734}.Debug|x64.ActiveCfg = Debug|Any CPU
		{CEC30220-5DFF-4E4E-8655-BC8562815734}.Debug|x64.Build.0 = Debug|Any CPU
		{CEC30220-5DFF-4E4E-8655-BC8562815734}.Debug|x86.ActiveCfg = Debug|Any CPU
		{CEC30220-5DFF-4E4E-8655-BC8562815734}.Debug|x86.Build.0 = Debug|Any CPU
		{CEC30220-5DFF-4E4E-8655-BC8562815734}.Release|Any CPU.ActiveCfg = Release|Any CPU
		{CEC30220-5DFF-4E4E-8655-BC8562815734}.Release|Any CPU.Build.0 = Release|Any CPU
		{CEC30220-5DFF-4E4E-8655-BC8562815734}.Release|x64.ActiveCfg = Release|Any CPU
		{CEC30220-5DFF-4E4E-8655-BC8562815734}.Release|x64.Build.0 = Release|Any CPU
		{CEC30220-5DFF-4E4E-8655-BC8562815734}.Release|x86.ActiveCfg = Release|Any CPU
		{CEC30220-5DFF-4E4E-8655-BC8562815734}.Release|x86.Build.0 = Release|Any CPU
		{06B15073-2D04-4E30-87CC-BE1A42E5ED9D}.Debug|Any CPU.ActiveCfg = Debug|Any CPU
		{06B15073-2D04-4E30-87CC-BE1A42E5ED9D}.Debug|Any CPU.Build.0 = Debug|Any CPU
		{06B15073-2D04-4E30-87CC-BE1A42E5ED9D}.Debug|x64.ActiveCfg = Debug|Any CPU
		{06B15073-2D04-4E30-87CC-BE1A42E5ED9D}.Debug|x64.Build.0 = Debug|Any CPU
		{06B15073-2D04-4E30-87CC-BE1A42E5ED9D}.Debug|x86.ActiveCfg = Debug|Any CPU
		{06B15073-2D04-4E30-87CC-BE1A42E5ED9D}.Debug|x86.Build.0 = Debug|Any CPU
		{06B15073-2D04-4E30-87CC-BE1A42E5ED9D}.Release|Any CPU.ActiveCfg = Release|Any CPU
		{06B15073-2D04-4E30-87CC-BE1A42E5ED9D}.Release|Any CPU.Build.0 = Release|Any CPU
		{06B15073-2D04-4E30-87CC-BE1A42E5ED9D}.Release|x64.ActiveCfg = Release|Any CPU
		{06B15073-2D04-4E30-87CC-BE1A42E5ED9D}.Release|x64.Build.0 = Release|Any CPU
		{06B15073-2D04-4E30-87CC-BE1A42E5ED9D}.Release|x86.ActiveCfg = Release|Any CPU
		{06B15073-2D04-4E30-87CC-BE1A42E5ED9D}.Release|x86.Build.0 = Release|Any CPU
		{9F46DDA2-1EA4-4460-87E1-FC45511BA4E0}.Debug|Any CPU.ActiveCfg = Debug|Any CPU
		{9F46DDA2-1EA4-4460-87E1-FC45511BA4E0}.Debug|Any CPU.Build.0 = Debug|Any CPU
		{9F46DDA2-1EA4-4460-87E1-FC45511BA4E0}.Debug|x64.ActiveCfg = Debug|Any CPU
		{9F46DDA2-1EA4-4460-87E1-FC45511BA4E0}.Debug|x64.Build.0 = Debug|Any CPU
		{9F46DDA2-1EA4-4460-87E1-FC45511BA4E0}.Debug|x86.ActiveCfg = Debug|Any CPU
		{9F46DDA2-1EA4-4460-87E1-FC45511BA4E0}.Debug|x86.Build.0 = Debug|Any CPU
		{9F46DDA2-1EA4-4460-87E1-FC45511BA4E0}.Release|Any CPU.ActiveCfg = Release|Any CPU
		{9F46DDA2-1EA4-4460-87E1-FC45511BA4E0}.Release|Any CPU.Build.0 = Release|Any CPU
		{9F46DDA2-1EA4-4460-87E1-FC45511BA4E0}.Release|x64.ActiveCfg = Release|Any CPU
		{9F46DDA2-1EA4-4460-87E1-FC45511BA4E0}.Release|x64.Build.0 = Release|Any CPU
		{9F46DDA2-1EA4-4460-87E1-FC45511BA4E0}.Release|x86.ActiveCfg = Release|Any CPU
		{9F46DDA2-1EA4-4460-87E1-FC45511BA4E0}.Release|x86.Build.0 = Release|Any CPU
		{E1A5C04D-D090-412F-BA06-3F1D0B4290F4}.Debug|Any CPU.ActiveCfg = Debug|Any CPU
		{E1A5C04D-D090-412F-BA06-3F1D0B4290F4}.Debug|Any CPU.Build.0 = Debug|Any CPU
		{E1A5C04D-D090-412F-BA06-3F1D0B4290F4}.Debug|x64.ActiveCfg = Debug|Any CPU
		{E1A5C04D-D090-412F-BA06-3F1D0B4290F4}.Debug|x64.Build.0 = Debug|Any CPU
		{E1A5C04D-D090-412F-BA06-3F1D0B4290F4}.Debug|x86.ActiveCfg = Debug|Any CPU
		{E1A5C04D-D090-412F-BA06-3F1D0B4290F4}.Debug|x86.Build.0 = Debug|Any CPU
		{E1A5C04D-D090-412F-BA06-3F1D0B4290F4}.Release|Any CPU.ActiveCfg = Release|Any CPU
		{E1A5C04D-D090-412F-BA06-3F1D0B4290F4}.Release|Any CPU.Build.0 = Release|Any CPU
		{E1A5C04D-D090-412F-BA06-3F1D0B4290F4}.Release|x64.ActiveCfg = Release|Any CPU
		{E1A5C04D-D090-412F-BA06-3F1D0B4290F4}.Release|x64.Build.0 = Release|Any CPU
		{E1A5C04D-D090-412F-BA06-3F1D0B4290F4}.Release|x86.ActiveCfg = Release|Any CPU
		{E1A5C04D-D090-412F-BA06-3F1D0B4290F4}.Release|x86.Build.0 = Release|Any CPU
		{663FDC1B-FEC7-4723-93ED-6DE0D16EDF99}.Debug|Any CPU.ActiveCfg = Debug|Any CPU
		{663FDC1B-FEC7-4723-93ED-6DE0D16EDF99}.Debug|Any CPU.Build.0 = Debug|Any CPU
		{663FDC1B-FEC7-4723-93ED-6DE0D16EDF99}.Debug|x64.ActiveCfg = Debug|Any CPU
		{663FDC1B-FEC7-4723-93ED-6DE0D16EDF99}.Debug|x64.Build.0 = Debug|Any CPU
		{663FDC1B-FEC7-4723-93ED-6DE0D16EDF99}.Debug|x86.ActiveCfg = Debug|Any CPU
		{663FDC1B-FEC7-4723-93ED-6DE0D16EDF99}.Debug|x86.Build.0 = Debug|Any CPU
		{663FDC1B-FEC7-4723-93ED-6DE0D16EDF99}.Release|Any CPU.ActiveCfg = Release|Any CPU
		{663FDC1B-FEC7-4723-93ED-6DE0D16EDF99}.Release|Any CPU.Build.0 = Release|Any CPU
		{663FDC1B-FEC7-4723-93ED-6DE0D16EDF99}.Release|x64.ActiveCfg = Release|Any CPU
		{663FDC1B-FEC7-4723-93ED-6DE0D16EDF99}.Release|x64.Build.0 = Release|Any CPU
		{663FDC1B-FEC7-4723-93ED-6DE0D16EDF99}.Release|x86.ActiveCfg = Release|Any CPU
		{663FDC1B-FEC7-4723-93ED-6DE0D16EDF99}.Release|x86.Build.0 = Release|Any CPU
		{E59DD87C-7F9A-4D0B-AE65-7BAD8681934D}.Debug|Any CPU.ActiveCfg = Debug|Any CPU
		{E59DD87C-7F9A-4D0B-AE65-7BAD8681934D}.Debug|Any CPU.Build.0 = Debug|Any CPU
		{E59DD87C-7F9A-4D0B-AE65-7BAD8681934D}.Debug|x64.ActiveCfg = Debug|Any CPU
		{E59DD87C-7F9A-4D0B-AE65-7BAD8681934D}.Debug|x64.Build.0 = Debug|Any CPU
		{E59DD87C-7F9A-4D0B-AE65-7BAD8681934D}.Debug|x86.ActiveCfg = Debug|Any CPU
		{E59DD87C-7F9A-4D0B-AE65-7BAD8681934D}.Debug|x86.Build.0 = Debug|Any CPU
		{E59DD87C-7F9A-4D0B-AE65-7BAD8681934D}.Release|Any CPU.ActiveCfg = Release|Any CPU
		{E59DD87C-7F9A-4D0B-AE65-7BAD8681934D}.Release|Any CPU.Build.0 = Release|Any CPU
		{E59DD87C-7F9A-4D0B-AE65-7BAD8681934D}.Release|x64.ActiveCfg = Release|Any CPU
		{E59DD87C-7F9A-4D0B-AE65-7BAD8681934D}.Release|x64.Build.0 = Release|Any CPU
		{E59DD87C-7F9A-4D0B-AE65-7BAD8681934D}.Release|x86.ActiveCfg = Release|Any CPU
		{E59DD87C-7F9A-4D0B-AE65-7BAD8681934D}.Release|x86.Build.0 = Release|Any CPU
		{6B5DB6C1-F350-47DF-A144-E7FEA09F1053}.Debug|Any CPU.ActiveCfg = Debug|Any CPU
		{6B5DB6C1-F350-47DF-A144-E7FEA09F1053}.Debug|Any CPU.Build.0 = Debug|Any CPU
		{6B5DB6C1-F350-47DF-A144-E7FEA09F1053}.Debug|x64.ActiveCfg = Debug|Any CPU
		{6B5DB6C1-F350-47DF-A144-E7FEA09F1053}.Debug|x64.Build.0 = Debug|Any CPU
		{6B5DB6C1-F350-47DF-A144-E7FEA09F1053}.Debug|x86.ActiveCfg = Debug|Any CPU
		{6B5DB6C1-F350-47DF-A144-E7FEA09F1053}.Debug|x86.Build.0 = Debug|Any CPU
		{6B5DB6C1-F350-47DF-A144-E7FEA09F1053}.Release|Any CPU.ActiveCfg = Release|Any CPU
		{6B5DB6C1-F350-47DF-A144-E7FEA09F1053}.Release|Any CPU.Build.0 = Release|Any CPU
		{6B5DB6C1-F350-47DF-A144-E7FEA09F1053}.Release|x64.ActiveCfg = Release|Any CPU
		{6B5DB6C1-F350-47DF-A144-E7FEA09F1053}.Release|x64.Build.0 = Release|Any CPU
		{6B5DB6C1-F350-47DF-A144-E7FEA09F1053}.Release|x86.ActiveCfg = Release|Any CPU
		{6B5DB6C1-F350-47DF-A144-E7FEA09F1053}.Release|x86.Build.0 = Release|Any CPU
		{1FAE9F1C-0455-4EA1-A7E1-736DCBD5C676}.Debug|Any CPU.ActiveCfg = Debug|Any CPU
		{1FAE9F1C-0455-4EA1-A7E1-736DCBD5C676}.Debug|Any CPU.Build.0 = Debug|Any CPU
		{1FAE9F1C-0455-4EA1-A7E1-736DCBD5C676}.Debug|x64.ActiveCfg = Debug|Any CPU
		{1FAE9F1C-0455-4EA1-A7E1-736DCBD5C676}.Debug|x64.Build.0 = Debug|Any CPU
		{1FAE9F1C-0455-4EA1-A7E1-736DCBD5C676}.Debug|x86.ActiveCfg = Debug|Any CPU
		{1FAE9F1C-0455-4EA1-A7E1-736DCBD5C676}.Debug|x86.Build.0 = Debug|Any CPU
		{1FAE9F1C-0455-4EA1-A7E1-736DCBD5C676}.Release|Any CPU.ActiveCfg = Release|Any CPU
		{1FAE9F1C-0455-4EA1-A7E1-736DCBD5C676}.Release|Any CPU.Build.0 = Release|Any CPU
		{1FAE9F1C-0455-4EA1-A7E1-736DCBD5C676}.Release|x64.ActiveCfg = Release|Any CPU
		{1FAE9F1C-0455-4EA1-A7E1-736DCBD5C676}.Release|x64.Build.0 = Release|Any CPU
		{1FAE9F1C-0455-4EA1-A7E1-736DCBD5C676}.Release|x86.ActiveCfg = Release|Any CPU
		{1FAE9F1C-0455-4EA1-A7E1-736DCBD5C676}.Release|x86.Build.0 = Release|Any CPU
		{737ECDAC-7DCC-4246-BEC9-E853B53492D1}.Debug|Any CPU.ActiveCfg = Debug|Any CPU
		{737ECDAC-7DCC-4246-BEC9-E853B53492D1}.Debug|Any CPU.Build.0 = Debug|Any CPU
		{737ECDAC-7DCC-4246-BEC9-E853B53492D1}.Debug|x64.ActiveCfg = Debug|Any CPU
		{737ECDAC-7DCC-4246-BEC9-E853B53492D1}.Debug|x64.Build.0 = Debug|Any CPU
		{737ECDAC-7DCC-4246-BEC9-E853B53492D1}.Debug|x86.ActiveCfg = Debug|Any CPU
		{737ECDAC-7DCC-4246-BEC9-E853B53492D1}.Debug|x86.Build.0 = Debug|Any CPU
		{737ECDAC-7DCC-4246-BEC9-E853B53492D1}.Release|Any CPU.ActiveCfg = Release|Any CPU
		{737ECDAC-7DCC-4246-BEC9-E853B53492D1}.Release|Any CPU.Build.0 = Release|Any CPU
		{737ECDAC-7DCC-4246-BEC9-E853B53492D1}.Release|x64.ActiveCfg = Release|Any CPU
		{737ECDAC-7DCC-4246-BEC9-E853B53492D1}.Release|x64.Build.0 = Release|Any CPU
		{737ECDAC-7DCC-4246-BEC9-E853B53492D1}.Release|x86.ActiveCfg = Release|Any CPU
		{737ECDAC-7DCC-4246-BEC9-E853B53492D1}.Release|x86.Build.0 = Release|Any CPU
		{9BB0EE86-3122-472D-9CFA-9F43B86CE2FB}.Debug|Any CPU.ActiveCfg = Debug|Any CPU
		{9BB0EE86-3122-472D-9CFA-9F43B86CE2FB}.Debug|Any CPU.Build.0 = Debug|Any CPU
		{9BB0EE86-3122-472D-9CFA-9F43B86CE2FB}.Debug|x64.ActiveCfg = Debug|Any CPU
		{9BB0EE86-3122-472D-9CFA-9F43B86CE2FB}.Debug|x64.Build.0 = Debug|Any CPU
		{9BB0EE86-3122-472D-9CFA-9F43B86CE2FB}.Debug|x86.ActiveCfg = Debug|Any CPU
		{9BB0EE86-3122-472D-9CFA-9F43B86CE2FB}.Debug|x86.Build.0 = Debug|Any CPU
		{9BB0EE86-3122-472D-9CFA-9F43B86CE2FB}.Release|Any CPU.ActiveCfg = Release|Any CPU
		{9BB0EE86-3122-472D-9CFA-9F43B86CE2FB}.Release|Any CPU.Build.0 = Release|Any CPU
		{9BB0EE86-3122-472D-9CFA-9F43B86CE2FB}.Release|x64.ActiveCfg = Release|Any CPU
		{9BB0EE86-3122-472D-9CFA-9F43B86CE2FB}.Release|x64.Build.0 = Release|Any CPU
		{9BB0EE86-3122-472D-9CFA-9F43B86CE2FB}.Release|x86.ActiveCfg = Release|Any CPU
		{9BB0EE86-3122-472D-9CFA-9F43B86CE2FB}.Release|x86.Build.0 = Release|Any CPU
		{3BA3B47D-E58F-44E7-BC8C-BD5E2290BAAE}.Debug|Any CPU.ActiveCfg = Debug|Any CPU
		{3BA3B47D-E58F-44E7-BC8C-BD5E2290BAAE}.Debug|Any CPU.Build.0 = Debug|Any CPU
		{3BA3B47D-E58F-44E7-BC8C-BD5E2290BAAE}.Debug|x64.ActiveCfg = Debug|Any CPU
		{3BA3B47D-E58F-44E7-BC8C-BD5E2290BAAE}.Debug|x64.Build.0 = Debug|Any CPU
		{3BA3B47D-E58F-44E7-BC8C-BD5E2290BAAE}.Debug|x86.ActiveCfg = Debug|Any CPU
		{3BA3B47D-E58F-44E7-BC8C-BD5E2290BAAE}.Debug|x86.Build.0 = Debug|Any CPU
		{3BA3B47D-E58F-44E7-BC8C-BD5E2290BAAE}.Release|Any CPU.ActiveCfg = Release|Any CPU
		{3BA3B47D-E58F-44E7-BC8C-BD5E2290BAAE}.Release|Any CPU.Build.0 = Release|Any CPU
		{3BA3B47D-E58F-44E7-BC8C-BD5E2290BAAE}.Release|x64.ActiveCfg = Release|Any CPU
		{3BA3B47D-E58F-44E7-BC8C-BD5E2290BAAE}.Release|x64.Build.0 = Release|Any CPU
		{3BA3B47D-E58F-44E7-BC8C-BD5E2290BAAE}.Release|x86.ActiveCfg = Release|Any CPU
		{3BA3B47D-E58F-44E7-BC8C-BD5E2290BAAE}.Release|x86.Build.0 = Release|Any CPU
		{A49C08D4-4CA5-417D-BF15-DC43996966DB}.Debug|Any CPU.ActiveCfg = Debug|Any CPU
		{A49C08D4-4CA5-417D-BF15-DC43996966DB}.Debug|Any CPU.Build.0 = Debug|Any CPU
		{A49C08D4-4CA5-417D-BF15-DC43996966DB}.Debug|x64.ActiveCfg = Debug|Any CPU
		{A49C08D4-4CA5-417D-BF15-DC43996966DB}.Debug|x64.Build.0 = Debug|Any CPU
		{A49C08D4-4CA5-417D-BF15-DC43996966DB}.Debug|x86.ActiveCfg = Debug|Any CPU
		{A49C08D4-4CA5-417D-BF15-DC43996966DB}.Debug|x86.Build.0 = Debug|Any CPU
		{A49C08D4-4CA5-417D-BF15-DC43996966DB}.Release|Any CPU.ActiveCfg = Release|Any CPU
		{A49C08D4-4CA5-417D-BF15-DC43996966DB}.Release|Any CPU.Build.0 = Release|Any CPU
		{A49C08D4-4CA5-417D-BF15-DC43996966DB}.Release|x64.ActiveCfg = Release|Any CPU
		{A49C08D4-4CA5-417D-BF15-DC43996966DB}.Release|x64.Build.0 = Release|Any CPU
		{A49C08D4-4CA5-417D-BF15-DC43996966DB}.Release|x86.ActiveCfg = Release|Any CPU
		{A49C08D4-4CA5-417D-BF15-DC43996966DB}.Release|x86.Build.0 = Release|Any CPU
		{DEA00E8C-F958-4A04-A940-B6256282B97E}.Debug|Any CPU.ActiveCfg = Debug|Any CPU
		{DEA00E8C-F958-4A04-A940-B6256282B97E}.Debug|Any CPU.Build.0 = Debug|Any CPU
		{DEA00E8C-F958-4A04-A940-B6256282B97E}.Debug|x64.ActiveCfg = Debug|Any CPU
		{DEA00E8C-F958-4A04-A940-B6256282B97E}.Debug|x64.Build.0 = Debug|Any CPU
		{DEA00E8C-F958-4A04-A940-B6256282B97E}.Debug|x86.ActiveCfg = Debug|Any CPU
		{DEA00E8C-F958-4A04-A940-B6256282B97E}.Debug|x86.Build.0 = Debug|Any CPU
		{DEA00E8C-F958-4A04-A940-B6256282B97E}.Release|Any CPU.ActiveCfg = Release|Any CPU
		{DEA00E8C-F958-4A04-A940-B6256282B97E}.Release|Any CPU.Build.0 = Release|Any CPU
		{DEA00E8C-F958-4A04-A940-B6256282B97E}.Release|x64.ActiveCfg = Release|Any CPU
		{DEA00E8C-F958-4A04-A940-B6256282B97E}.Release|x64.Build.0 = Release|Any CPU
		{DEA00E8C-F958-4A04-A940-B6256282B97E}.Release|x86.ActiveCfg = Release|Any CPU
		{DEA00E8C-F958-4A04-A940-B6256282B97E}.Release|x86.Build.0 = Release|Any CPU
	EndGlobalSection
	GlobalSection(SolutionProperties) = preSolution
		HideSolutionNode = FALSE
	EndGlobalSection
	GlobalSection(NestedProjects) = preSolution
		{CEC30220-5DFF-4E4E-8655-BC8562815734} = {827E0CD3-B72D-47B6-A68D-7590B98EB39B}
		{06B15073-2D04-4E30-87CC-BE1A42E5ED9D} = {827E0CD3-B72D-47B6-A68D-7590B98EB39B}
		{9F46DDA2-1EA4-4460-87E1-FC45511BA4E0} = {0AB3BF05-4346-4AA6-1389-037BE0695223}
		{E1A5C04D-D090-412F-BA06-3F1D0B4290F4} = {827E0CD3-B72D-47B6-A68D-7590B98EB39B}
		{663FDC1B-FEC7-4723-93ED-6DE0D16EDF99} = {827E0CD3-B72D-47B6-A68D-7590B98EB39B}
		{E59DD87C-7F9A-4D0B-AE65-7BAD8681934D} = {0AB3BF05-4346-4AA6-1389-037BE0695223}
		{6B5DB6C1-F350-47DF-A144-E7FEA09F1053} = {827E0CD3-B72D-47B6-A68D-7590B98EB39B}
		{1FAE9F1C-0455-4EA1-A7E1-736DCBD5C676} = {827E0CD3-B72D-47B6-A68D-7590B98EB39B}
		{737ECDAC-7DCC-4246-BEC9-E853B53492D1} = {0AB3BF05-4346-4AA6-1389-037BE0695223}
		{9BB0EE86-3122-472D-9CFA-9F43B86CE2FB} = {827E0CD3-B72D-47B6-A68D-7590B98EB39B}
		{3BA3B47D-E58F-44E7-BC8C-BD5E2290BAAE} = {827E0CD3-B72D-47B6-A68D-7590B98EB39B}
		{A49C08D4-4CA5-417D-BF15-DC43996966DB} = {827E0CD3-B72D-47B6-A68D-7590B98EB39B}
		{DEA00E8C-F958-4A04-A940-B6256282B97E} = {827E0CD3-B72D-47B6-A68D-7590B98EB39B}
	EndGlobalSection
EndGlobal
