
Microsoft Visual Studio Solution File, Format Version 12.00
# Visual Studio Version 17
VisualStudioVersion = 17.0.31903.59
MinimumVisualStudioVersion = 10.0.40219.1
Project("{2150E333-8FDC-42A3-9474-1A3956D46DE8}") = "src", "src", "{827E0CD3-B72D-47B6-A68D-7590B98EB39B}"
EndProject
Project("{2150E333-8FDC-42A3-9474-1A3956D46DE8}") = "host", "host", "{981C2CF6-E5BB-602A-511C-234B538302B0}"
EndProject
Project("{FAE04EC0-301F-11D3-BF4B-00C04F79EFBC}") = "ConsoleDungeon", "src\host\ConsoleDungeon\ConsoleDungeon.csproj", "{3496207D-F01D-43A8-87C8-CA3F5A838AE2}"
EndProject
Project("{FAE04EC0-301F-11D3-BF4B-00C04F79EFBC}") = "ConsoleDungeon.Host", "src\host\ConsoleDungeon.Host\ConsoleDungeon.Host.csproj", "{F88825BB-1F2A-4423-A4BF-9A860DF946BD}"
EndProject
Project("{FAE04EC0-301F-11D3-BF4B-00C04F79EFBC}") = "WingedBean.Host.Console", "src\host\WingedBean.Host.Console\WingedBean.Host.Console.csproj", "{23A41FAB-7CC8-4F9A-B34F-50A1417B6736}"
EndProject
Project("{2150E333-8FDC-42A3-9474-1A3956D46DE8}") = "shared", "shared", "{C8E42992-5E42-0C2B-DBFE-AA848D06431C}"
EndProject
Project("{FAE04EC0-301F-11D3-BF4B-00C04F79EFBC}") = "WingedBean.PluginLoader", "src\shared\WingedBean.PluginLoader\WingedBean.PluginLoader.csproj", "{C6B6B610-DF07-4872-B647-1795DB007FAE}"
EndProject
Project("{FAE04EC0-301F-11D3-BF4B-00C04F79EFBC}") = "WingedBean.PluginLoader.Tests", "tests\shared\WingedBean.PluginLoader.Tests\WingedBean.PluginLoader.Tests.csproj", "{0F3A5132-F834-4DB1-A979-CDF7D95C3C4B}"
EndProject
Project("{2150E333-8FDC-42A3-9474-1A3956D46DE8}") = "providers", "providers", "{4158EF5F-2C93-D6F3-98CF-1EDBE6F18EA0}"
EndProject
Project("{FAE04EC0-301F-11D3-BF4B-00C04F79EFBC}") = "WingedBean.Providers.AssemblyContext", "src\providers\WingedBean.Providers.AssemblyContext\WingedBean.Providers.AssemblyContext.csproj", "{46FADAC6-1539-470A-B175-B05EFBF2C2A5}"
EndProject
Project("{FAE04EC0-301F-11D3-BF4B-00C04F79EFBC}") = "WingedBean.Providers.AssemblyContext.Tests", "tests\providers\WingedBean.Providers.AssemblyContext.Tests\WingedBean.Providers.AssemblyContext.Tests.csproj", "{D5BC91E9-A35B-4778-BACF-CD8C80EB851A}"
EndProject
Project("{2150E333-8FDC-42A3-9474-1A3956D46DE8}") = "plugins", "plugins", "{58D3A2C3-F96F-5E57-2C6B-ECE59D6A18FC}"
EndProject
Project("{FAE04EC0-301F-11D3-BF4B-00C04F79EFBC}") = "WingedBean.Plugins.Config", "src\plugins\WingedBean.Plugins.Config\WingedBean.Plugins.Config.csproj", "{71C55297-17EC-4EE4-82B7-69FDD500B86D}"
EndProject
Project("{FAE04EC0-301F-11D3-BF4B-00C04F79EFBC}") = "WingedBean.Plugins.TerminalUI", "src\plugins\WingedBean.Plugins.TerminalUI\WingedBean.Plugins.TerminalUI.csproj", "{BA4F26CC-7A08-415C-94C8-0F7231E2D6AF}"
EndProject
Project("{FAE04EC0-301F-11D3-BF4B-00C04F79EFBC}") = "WingedBean.Plugins.WebSocket", "src\plugins\WingedBean.Plugins.WebSocket\WingedBean.Plugins.WebSocket.csproj", "{2A659D52-F445-419E-AB71-4B81C3B822B2}"
EndProject
Project("{FAE04EC0-301F-11D3-BF4B-00C04F79EFBC}") = "WingedBean.Plugins.AsciinemaRecorder", "src\plugins\WingedBean.Plugins.AsciinemaRecorder\WingedBean.Plugins.AsciinemaRecorder.csproj", "{BDD2F676-E3F4-478F-90B1-3FE805DAA94E}"
EndProject
Project("{FAE04EC0-301F-11D3-BF4B-00C04F79EFBC}") = "WingedBean.Plugins.ConsoleDungeon", "src\plugins\WingedBean.Plugins.ConsoleDungeon\WingedBean.Plugins.ConsoleDungeon.csproj", "{F1D9BCA3-0E64-4D18-AEEF-1961778B9763}"
EndProject
Project("{FAE04EC0-301F-11D3-BF4B-00C04F79EFBC}") = "WingedBean.Plugins.PtyService", "src\plugins\WingedBean.Plugins.PtyService\WingedBean.Plugins.PtyService.csproj", "{291FE132-B9B6-4A2A-9289-F50E5DD35C0E}"
EndProject
Project("{2150E333-8FDC-42A3-9474-1A3956D46DE8}") = "tests", "tests", "{0AB3BF05-4346-4AA6-1389-037BE0695223}"
EndProject
Project("{2150E333-8FDC-42A3-9474-1A3956D46DE8}") = "plugins", "plugins", "{251FA40C-AC2F-1119-6E2C-255695F88EFF}"
EndProject
Project("{FAE04EC0-301F-11D3-BF4B-00C04F79EFBC}") = "WingedBean.Plugins.Config.Tests", "tests\plugins\WingedBean.Plugins.Config.Tests\WingedBean.Plugins.Config.Tests.csproj", "{7BDAD76D-3EE5-4F5D-A3C1-BA25A3BE803B}"
EndProject
Project("{FAE04EC0-301F-11D3-BF4B-00C04F79EFBC}") = "WingedBean.Plugins.TerminalUI.Tests", "tests\plugins\WingedBean.Plugins.TerminalUI.Tests\WingedBean.Plugins.TerminalUI.Tests.csproj", "{26AF5731-0D3D-47B4-B7C3-250D83F70D54}"
EndProject
Project("{FAE04EC0-301F-11D3-BF4B-00C04F79EFBC}") = "WingedBean.Plugins.WebSocket.Tests", "tests\plugins\WingedBean.Plugins.WebSocket.Tests\WingedBean.Plugins.WebSocket.Tests.csproj", "{AF3F2573-45C4-4F50-B47B-1833D9031CBE}"
EndProject
Project("{2150E333-8FDC-42A3-9474-1A3956D46DE8}") = "host", "host", "{2D90B387-9E96-A33A-A182-52F1887BC10C}"
EndProject
Project("{FAE04EC0-301F-11D3-BF4B-00C04F79EFBC}") = "ConsoleDungeon.Host.Tests", "tests\host\ConsoleDungeon.Host.Tests\ConsoleDungeon.Host.Tests.csproj", "{DF0F575D-A469-4128-9D17-060A1F6538B4}"
EndProject
Project("{FAE04EC0-301F-11D3-BF4B-00C04F79EFBC}") = "WingedBean.Plugins.AsciinemaRecorder.Tests", "tests\plugins\WingedBean.Plugins.AsciinemaRecorder.Tests\WingedBean.Plugins.AsciinemaRecorder.Tests.csproj", "{65F8BC90-2A34-481A-9CE1-5AA8D543AD7E}"
EndProject
Project("{FAE04EC0-301F-11D3-BF4B-00C04F79EFBC}") = "WingedBean.Plugins.ArchECS", "src\plugins\WingedBean.Plugins.ArchECS\WingedBean.Plugins.ArchECS.csproj", "{A491FC3F-1D1B-4F63-A33E-19DD05F8B871}"
EndProject
Project("{FAE04EC0-301F-11D3-BF4B-00C04F79EFBC}") = "WingedBean.Plugins.ArchECS.Tests", "tests\plugins\WingedBean.Plugins.ArchECS.Tests\WingedBean.Plugins.ArchECS.Tests.csproj", "{FD627051-9DB7-4F19-A3A5-C5439BBAEB4C}"
EndProject
Project("{FAE04EC0-301F-11D3-BF4B-00C04F79EFBC}") = "WingedBean.Plugins.DungeonGame.Tests", "tests\plugins\WingedBean.Plugins.DungeonGame.Tests\WingedBean.Plugins.DungeonGame.Tests.csproj", "{B5A642E5-39FB-48D5-824A-1A1AB9B34D91}"
EndProject
Global
	GlobalSection(SolutionConfigurationPlatforms) = preSolution
		Debug|Any CPU = Debug|Any CPU
		Debug|x64 = Debug|x64
		Debug|x86 = Debug|x86
		Release|Any CPU = Release|Any CPU
		Release|x64 = Release|x64
		Release|x86 = Release|x86
	EndGlobalSection
	GlobalSection(ProjectConfigurationPlatforms) = postSolution
		{3496207D-F01D-43A8-87C8-CA3F5A838AE2}.Debug|Any CPU.ActiveCfg = Debug|Any CPU
		{3496207D-F01D-43A8-87C8-CA3F5A838AE2}.Debug|Any CPU.Build.0 = Debug|Any CPU
		{3496207D-F01D-43A8-87C8-CA3F5A838AE2}.Debug|x64.ActiveCfg = Debug|Any CPU
		{3496207D-F01D-43A8-87C8-CA3F5A838AE2}.Debug|x64.Build.0 = Debug|Any CPU
		{3496207D-F01D-43A8-87C8-CA3F5A838AE2}.Debug|x86.ActiveCfg = Debug|Any CPU
		{3496207D-F01D-43A8-87C8-CA3F5A838AE2}.Debug|x86.Build.0 = Debug|Any CPU
		{3496207D-F01D-43A8-87C8-CA3F5A838AE2}.Release|Any CPU.ActiveCfg = Release|Any CPU
		{3496207D-F01D-43A8-87C8-CA3F5A838AE2}.Release|Any CPU.Build.0 = Release|Any CPU
		{3496207D-F01D-43A8-87C8-CA3F5A838AE2}.Release|x64.ActiveCfg = Release|Any CPU
		{3496207D-F01D-43A8-87C8-CA3F5A838AE2}.Release|x64.Build.0 = Release|Any CPU
		{3496207D-F01D-43A8-87C8-CA3F5A838AE2}.Release|x86.ActiveCfg = Release|Any CPU
		{3496207D-F01D-43A8-87C8-CA3F5A838AE2}.Release|x86.Build.0 = Release|Any CPU
		{F88825BB-1F2A-4423-A4BF-9A860DF946BD}.Debug|Any CPU.ActiveCfg = Debug|Any CPU
		{F88825BB-1F2A-4423-A4BF-9A860DF946BD}.Debug|Any CPU.Build.0 = Debug|Any CPU
		{F88825BB-1F2A-4423-A4BF-9A860DF946BD}.Debug|x64.ActiveCfg = Debug|Any CPU
		{F88825BB-1F2A-4423-A4BF-9A860DF946BD}.Debug|x64.Build.0 = Debug|Any CPU
		{F88825BB-1F2A-4423-A4BF-9A860DF946BD}.Debug|x86.ActiveCfg = Debug|Any CPU
		{F88825BB-1F2A-4423-A4BF-9A860DF946BD}.Debug|x86.Build.0 = Debug|Any CPU
		{F88825BB-1F2A-4423-A4BF-9A860DF946BD}.Release|Any CPU.ActiveCfg = Release|Any CPU
		{F88825BB-1F2A-4423-A4BF-9A860DF946BD}.Release|Any CPU.Build.0 = Release|Any CPU
		{F88825BB-1F2A-4423-A4BF-9A860DF946BD}.Release|x64.ActiveCfg = Release|Any CPU
		{F88825BB-1F2A-4423-A4BF-9A860DF946BD}.Release|x64.Build.0 = Release|Any CPU
		{F88825BB-1F2A-4423-A4BF-9A860DF946BD}.Release|x86.ActiveCfg = Release|Any CPU
		{F88825BB-1F2A-4423-A4BF-9A860DF946BD}.Release|x86.Build.0 = Release|Any CPU
		{23A41FAB-7CC8-4F9A-B34F-50A1417B6736}.Debug|Any CPU.ActiveCfg = Debug|Any CPU
		{23A41FAB-7CC8-4F9A-B34F-50A1417B6736}.Debug|Any CPU.Build.0 = Debug|Any CPU
		{23A41FAB-7CC8-4F9A-B34F-50A1417B6736}.Debug|x64.ActiveCfg = Debug|Any CPU
		{23A41FAB-7CC8-4F9A-B34F-50A1417B6736}.Debug|x64.Build.0 = Debug|Any CPU
		{23A41FAB-7CC8-4F9A-B34F-50A1417B6736}.Debug|x86.ActiveCfg = Debug|Any CPU
		{23A41FAB-7CC8-4F9A-B34F-50A1417B6736}.Debug|x86.Build.0 = Debug|Any CPU
		{23A41FAB-7CC8-4F9A-B34F-50A1417B6736}.Release|Any CPU.ActiveCfg = Release|Any CPU
		{23A41FAB-7CC8-4F9A-B34F-50A1417B6736}.Release|Any CPU.Build.0 = Release|Any CPU
		{23A41FAB-7CC8-4F9A-B34F-50A1417B6736}.Release|x64.ActiveCfg = Release|Any CPU
		{23A41FAB-7CC8-4F9A-B34F-50A1417B6736}.Release|x64.Build.0 = Release|Any CPU
		{23A41FAB-7CC8-4F9A-B34F-50A1417B6736}.Release|x86.ActiveCfg = Release|Any CPU
		{23A41FAB-7CC8-4F9A-B34F-50A1417B6736}.Release|x86.Build.0 = Release|Any CPU
		{C6B6B610-DF07-4872-B647-1795DB007FAE}.Debug|Any CPU.ActiveCfg = Debug|Any CPU
		{C6B6B610-DF07-4872-B647-1795DB007FAE}.Debug|Any CPU.Build.0 = Debug|Any CPU
		{C6B6B610-DF07-4872-B647-1795DB007FAE}.Debug|x64.ActiveCfg = Debug|Any CPU
		{C6B6B610-DF07-4872-B647-1795DB007FAE}.Debug|x64.Build.0 = Debug|Any CPU
		{C6B6B610-DF07-4872-B647-1795DB007FAE}.Debug|x86.ActiveCfg = Debug|Any CPU
		{C6B6B610-DF07-4872-B647-1795DB007FAE}.Debug|x86.Build.0 = Debug|Any CPU
		{C6B6B610-DF07-4872-B647-1795DB007FAE}.Release|Any CPU.ActiveCfg = Release|Any CPU
		{C6B6B610-DF07-4872-B647-1795DB007FAE}.Release|Any CPU.Build.0 = Release|Any CPU
		{C6B6B610-DF07-4872-B647-1795DB007FAE}.Release|x64.ActiveCfg = Release|Any CPU
		{C6B6B610-DF07-4872-B647-1795DB007FAE}.Release|x64.Build.0 = Release|Any CPU
		{C6B6B610-DF07-4872-B647-1795DB007FAE}.Release|x86.ActiveCfg = Release|Any CPU
		{C6B6B610-DF07-4872-B647-1795DB007FAE}.Release|x86.Build.0 = Release|Any CPU
		{0F3A5132-F834-4DB1-A979-CDF7D95C3C4B}.Debug|Any CPU.ActiveCfg = Debug|Any CPU
		{0F3A5132-F834-4DB1-A979-CDF7D95C3C4B}.Debug|Any CPU.Build.0 = Debug|Any CPU
		{0F3A5132-F834-4DB1-A979-CDF7D95C3C4B}.Debug|x64.ActiveCfg = Debug|Any CPU
		{0F3A5132-F834-4DB1-A979-CDF7D95C3C4B}.Debug|x64.Build.0 = Debug|Any CPU
		{0F3A5132-F834-4DB1-A979-CDF7D95C3C4B}.Debug|x86.ActiveCfg = Debug|Any CPU
		{0F3A5132-F834-4DB1-A979-CDF7D95C3C4B}.Debug|x86.Build.0 = Debug|Any CPU
		{0F3A5132-F834-4DB1-A979-CDF7D95C3C4B}.Release|Any CPU.ActiveCfg = Release|Any CPU
		{0F3A5132-F834-4DB1-A979-CDF7D95C3C4B}.Release|Any CPU.Build.0 = Release|Any CPU
		{0F3A5132-F834-4DB1-A979-CDF7D95C3C4B}.Release|x64.ActiveCfg = Release|Any CPU
		{0F3A5132-F834-4DB1-A979-CDF7D95C3C4B}.Release|x64.Build.0 = Release|Any CPU
		{0F3A5132-F834-4DB1-A979-CDF7D95C3C4B}.Release|x86.ActiveCfg = Release|Any CPU
		{0F3A5132-F834-4DB1-A979-CDF7D95C3C4B}.Release|x86.Build.0 = Release|Any CPU
		{46FADAC6-1539-470A-B175-B05EFBF2C2A5}.Debug|Any CPU.ActiveCfg = Debug|Any CPU
		{46FADAC6-1539-470A-B175-B05EFBF2C2A5}.Debug|Any CPU.Build.0 = Debug|Any CPU
		{46FADAC6-1539-470A-B175-B05EFBF2C2A5}.Debug|x64.ActiveCfg = Debug|Any CPU
		{46FADAC6-1539-470A-B175-B05EFBF2C2A5}.Debug|x64.Build.0 = Debug|Any CPU
		{46FADAC6-1539-470A-B175-B05EFBF2C2A5}.Debug|x86.ActiveCfg = Debug|Any CPU
		{46FADAC6-1539-470A-B175-B05EFBF2C2A5}.Debug|x86.Build.0 = Debug|Any CPU
		{46FADAC6-1539-470A-B175-B05EFBF2C2A5}.Release|Any CPU.ActiveCfg = Release|Any CPU
		{46FADAC6-1539-470A-B175-B05EFBF2C2A5}.Release|Any CPU.Build.0 = Release|Any CPU
		{46FADAC6-1539-470A-B175-B05EFBF2C2A5}.Release|x64.ActiveCfg = Release|Any CPU
		{46FADAC6-1539-470A-B175-B05EFBF2C2A5}.Release|x64.Build.0 = Release|Any CPU
		{46FADAC6-1539-470A-B175-B05EFBF2C2A5}.Release|x86.ActiveCfg = Release|Any CPU
		{46FADAC6-1539-470A-B175-B05EFBF2C2A5}.Release|x86.Build.0 = Release|Any CPU
		{D5BC91E9-A35B-4778-BACF-CD8C80EB851A}.Debug|Any CPU.ActiveCfg = Debug|Any CPU
		{D5BC91E9-A35B-4778-BACF-CD8C80EB851A}.Debug|Any CPU.Build.0 = Debug|Any CPU
		{D5BC91E9-A35B-4778-BACF-CD8C80EB851A}.Debug|x64.ActiveCfg = Debug|Any CPU
		{D5BC91E9-A35B-4778-BACF-CD8C80EB851A}.Debug|x64.Build.0 = Debug|Any CPU
		{D5BC91E9-A35B-4778-BACF-CD8C80EB851A}.Debug|x86.ActiveCfg = Debug|Any CPU
		{D5BC91E9-A35B-4778-BACF-CD8C80EB851A}.Debug|x86.Build.0 = Debug|Any CPU
		{D5BC91E9-A35B-4778-BACF-CD8C80EB851A}.Release|Any CPU.ActiveCfg = Release|Any CPU
		{D5BC91E9-A35B-4778-BACF-CD8C80EB851A}.Release|Any CPU.Build.0 = Release|Any CPU
		{D5BC91E9-A35B-4778-BACF-CD8C80EB851A}.Release|x64.ActiveCfg = Release|Any CPU
		{D5BC91E9-A35B-4778-BACF-CD8C80EB851A}.Release|x64.Build.0 = Release|Any CPU
		{D5BC91E9-A35B-4778-BACF-CD8C80EB851A}.Release|x86.ActiveCfg = Release|Any CPU
		{D5BC91E9-A35B-4778-BACF-CD8C80EB851A}.Release|x86.Build.0 = Release|Any CPU
		{71C55297-17EC-4EE4-82B7-69FDD500B86D}.Debug|Any CPU.ActiveCfg = Debug|Any CPU
		{71C55297-17EC-4EE4-82B7-69FDD500B86D}.Debug|Any CPU.Build.0 = Debug|Any CPU
		{71C55297-17EC-4EE4-82B7-69FDD500B86D}.Debug|x64.ActiveCfg = Debug|Any CPU
		{71C55297-17EC-4EE4-82B7-69FDD500B86D}.Debug|x64.Build.0 = Debug|Any CPU
		{71C55297-17EC-4EE4-82B7-69FDD500B86D}.Debug|x86.ActiveCfg = Debug|Any CPU
		{71C55297-17EC-4EE4-82B7-69FDD500B86D}.Debug|x86.Build.0 = Debug|Any CPU
		{71C55297-17EC-4EE4-82B7-69FDD500B86D}.Release|Any CPU.ActiveCfg = Release|Any CPU
		{71C55297-17EC-4EE4-82B7-69FDD500B86D}.Release|Any CPU.Build.0 = Release|Any CPU
		{71C55297-17EC-4EE4-82B7-69FDD500B86D}.Release|x64.ActiveCfg = Release|Any CPU
		{71C55297-17EC-4EE4-82B7-69FDD500B86D}.Release|x64.Build.0 = Release|Any CPU
		{71C55297-17EC-4EE4-82B7-69FDD500B86D}.Release|x86.ActiveCfg = Release|Any CPU
		{71C55297-17EC-4EE4-82B7-69FDD500B86D}.Release|x86.Build.0 = Release|Any CPU
		{BA4F26CC-7A08-415C-94C8-0F7231E2D6AF}.Debug|Any CPU.ActiveCfg = Debug|Any CPU
		{BA4F26CC-7A08-415C-94C8-0F7231E2D6AF}.Debug|Any CPU.Build.0 = Debug|Any CPU
		{BA4F26CC-7A08-415C-94C8-0F7231E2D6AF}.Debug|x64.ActiveCfg = Debug|Any CPU
		{BA4F26CC-7A08-415C-94C8-0F7231E2D6AF}.Debug|x64.Build.0 = Debug|Any CPU
		{BA4F26CC-7A08-415C-94C8-0F7231E2D6AF}.Debug|x86.ActiveCfg = Debug|Any CPU
		{BA4F26CC-7A08-415C-94C8-0F7231E2D6AF}.Debug|x86.Build.0 = Debug|Any CPU
		{BA4F26CC-7A08-415C-94C8-0F7231E2D6AF}.Release|Any CPU.ActiveCfg = Release|Any CPU
		{BA4F26CC-7A08-415C-94C8-0F7231E2D6AF}.Release|Any CPU.Build.0 = Release|Any CPU
		{BA4F26CC-7A08-415C-94C8-0F7231E2D6AF}.Release|x64.ActiveCfg = Release|Any CPU
		{BA4F26CC-7A08-415C-94C8-0F7231E2D6AF}.Release|x64.Build.0 = Release|Any CPU
		{BA4F26CC-7A08-415C-94C8-0F7231E2D6AF}.Release|x86.ActiveCfg = Release|Any CPU
		{BA4F26CC-7A08-415C-94C8-0F7231E2D6AF}.Release|x86.Build.0 = Release|Any CPU
		{2A659D52-F445-419E-AB71-4B81C3B822B2}.Debug|Any CPU.ActiveCfg = Debug|Any CPU
		{2A659D52-F445-419E-AB71-4B81C3B822B2}.Debug|Any CPU.Build.0 = Debug|Any CPU
		{2A659D52-F445-419E-AB71-4B81C3B822B2}.Debug|x64.ActiveCfg = Debug|Any CPU
		{2A659D52-F445-419E-AB71-4B81C3B822B2}.Debug|x64.Build.0 = Debug|Any CPU
		{2A659D52-F445-419E-AB71-4B81C3B822B2}.Debug|x86.ActiveCfg = Debug|Any CPU
		{2A659D52-F445-419E-AB71-4B81C3B822B2}.Debug|x86.Build.0 = Debug|Any CPU
		{2A659D52-F445-419E-AB71-4B81C3B822B2}.Release|Any CPU.ActiveCfg = Release|Any CPU
		{2A659D52-F445-419E-AB71-4B81C3B822B2}.Release|Any CPU.Build.0 = Release|Any CPU
		{2A659D52-F445-419E-AB71-4B81C3B822B2}.Release|x64.ActiveCfg = Release|Any CPU
		{2A659D52-F445-419E-AB71-4B81C3B822B2}.Release|x64.Build.0 = Release|Any CPU
		{2A659D52-F445-419E-AB71-4B81C3B822B2}.Release|x86.ActiveCfg = Release|Any CPU
		{2A659D52-F445-419E-AB71-4B81C3B822B2}.Release|x86.Build.0 = Release|Any CPU
		{BDD2F676-E3F4-478F-90B1-3FE805DAA94E}.Debug|Any CPU.ActiveCfg = Debug|Any CPU
		{BDD2F676-E3F4-478F-90B1-3FE805DAA94E}.Debug|Any CPU.Build.0 = Debug|Any CPU
		{BDD2F676-E3F4-478F-90B1-3FE805DAA94E}.Debug|x64.ActiveCfg = Debug|Any CPU
		{BDD2F676-E3F4-478F-90B1-3FE805DAA94E}.Debug|x64.Build.0 = Debug|Any CPU
		{BDD2F676-E3F4-478F-90B1-3FE805DAA94E}.Debug|x86.ActiveCfg = Debug|Any CPU
		{BDD2F676-E3F4-478F-90B1-3FE805DAA94E}.Debug|x86.Build.0 = Debug|Any CPU
		{BDD2F676-E3F4-478F-90B1-3FE805DAA94E}.Release|Any CPU.ActiveCfg = Release|Any CPU
		{BDD2F676-E3F4-478F-90B1-3FE805DAA94E}.Release|Any CPU.Build.0 = Release|Any CPU
		{BDD2F676-E3F4-478F-90B1-3FE805DAA94E}.Release|x64.ActiveCfg = Release|Any CPU
		{BDD2F676-E3F4-478F-90B1-3FE805DAA94E}.Release|x64.Build.0 = Release|Any CPU
		{BDD2F676-E3F4-478F-90B1-3FE805DAA94E}.Release|x86.ActiveCfg = Release|Any CPU
		{BDD2F676-E3F4-478F-90B1-3FE805DAA94E}.Release|x86.Build.0 = Release|Any CPU
		{F1D9BCA3-0E64-4D18-AEEF-1961778B9763}.Debug|Any CPU.ActiveCfg = Debug|Any CPU
		{F1D9BCA3-0E64-4D18-AEEF-1961778B9763}.Debug|Any CPU.Build.0 = Debug|Any CPU
		{F1D9BCA3-0E64-4D18-AEEF-1961778B9763}.Debug|x64.ActiveCfg = Debug|Any CPU
		{F1D9BCA3-0E64-4D18-AEEF-1961778B9763}.Debug|x64.Build.0 = Debug|Any CPU
		{F1D9BCA3-0E64-4D18-AEEF-1961778B9763}.Debug|x86.ActiveCfg = Debug|Any CPU
		{F1D9BCA3-0E64-4D18-AEEF-1961778B9763}.Debug|x86.Build.0 = Debug|Any CPU
		{F1D9BCA3-0E64-4D18-AEEF-1961778B9763}.Release|Any CPU.ActiveCfg = Release|Any CPU
		{F1D9BCA3-0E64-4D18-AEEF-1961778B9763}.Release|Any CPU.Build.0 = Release|Any CPU
		{F1D9BCA3-0E64-4D18-AEEF-1961778B9763}.Release|x64.ActiveCfg = Release|Any CPU
		{F1D9BCA3-0E64-4D18-AEEF-1961778B9763}.Release|x64.Build.0 = Release|Any CPU
		{F1D9BCA3-0E64-4D18-AEEF-1961778B9763}.Release|x86.ActiveCfg = Release|Any CPU
		{F1D9BCA3-0E64-4D18-AEEF-1961778B9763}.Release|x86.Build.0 = Release|Any CPU
		{291FE132-B9B6-4A2A-9289-F50E5DD35C0E}.Debug|Any CPU.ActiveCfg = Debug|Any CPU
		{291FE132-B9B6-4A2A-9289-F50E5DD35C0E}.Debug|Any CPU.Build.0 = Debug|Any CPU
		{291FE132-B9B6-4A2A-9289-F50E5DD35C0E}.Debug|x64.ActiveCfg = Debug|Any CPU
		{291FE132-B9B6-4A2A-9289-F50E5DD35C0E}.Debug|x64.Build.0 = Debug|Any CPU
		{291FE132-B9B6-4A2A-9289-F50E5DD35C0E}.Debug|x86.ActiveCfg = Debug|Any CPU
		{291FE132-B9B6-4A2A-9289-F50E5DD35C0E}.Debug|x86.Build.0 = Debug|Any CPU
		{291FE132-B9B6-4A2A-9289-F50E5DD35C0E}.Release|Any CPU.ActiveCfg = Release|Any CPU
		{291FE132-B9B6-4A2A-9289-F50E5DD35C0E}.Release|Any CPU.Build.0 = Release|Any CPU
		{291FE132-B9B6-4A2A-9289-F50E5DD35C0E}.Release|x64.ActiveCfg = Release|Any CPU
		{291FE132-B9B6-4A2A-9289-F50E5DD35C0E}.Release|x64.Build.0 = Release|Any CPU
		{291FE132-B9B6-4A2A-9289-F50E5DD35C0E}.Release|x86.ActiveCfg = Release|Any CPU
		{291FE132-B9B6-4A2A-9289-F50E5DD35C0E}.Release|x86.Build.0 = Release|Any CPU
		{7BDAD76D-3EE5-4F5D-A3C1-BA25A3BE803B}.Debug|Any CPU.ActiveCfg = Debug|Any CPU
		{7BDAD76D-3EE5-4F5D-A3C1-BA25A3BE803B}.Debug|Any CPU.Build.0 = Debug|Any CPU
		{7BDAD76D-3EE5-4F5D-A3C1-BA25A3BE803B}.Debug|x64.ActiveCfg = Debug|Any CPU
		{7BDAD76D-3EE5-4F5D-A3C1-BA25A3BE803B}.Debug|x64.Build.0 = Debug|Any CPU
		{7BDAD76D-3EE5-4F5D-A3C1-BA25A3BE803B}.Debug|x86.ActiveCfg = Debug|Any CPU
		{7BDAD76D-3EE5-4F5D-A3C1-BA25A3BE803B}.Debug|x86.Build.0 = Debug|Any CPU
		{7BDAD76D-3EE5-4F5D-A3C1-BA25A3BE803B}.Release|Any CPU.ActiveCfg = Release|Any CPU
		{7BDAD76D-3EE5-4F5D-A3C1-BA25A3BE803B}.Release|Any CPU.Build.0 = Release|Any CPU
		{7BDAD76D-3EE5-4F5D-A3C1-BA25A3BE803B}.Release|x64.ActiveCfg = Release|Any CPU
		{7BDAD76D-3EE5-4F5D-A3C1-BA25A3BE803B}.Release|x64.Build.0 = Release|Any CPU
		{7BDAD76D-3EE5-4F5D-A3C1-BA25A3BE803B}.Release|x86.ActiveCfg = Release|Any CPU
		{7BDAD76D-3EE5-4F5D-A3C1-BA25A3BE803B}.Release|x86.Build.0 = Release|Any CPU
		{26AF5731-0D3D-47B4-B7C3-250D83F70D54}.Debug|Any CPU.ActiveCfg = Debug|Any CPU
		{26AF5731-0D3D-47B4-B7C3-250D83F70D54}.Debug|Any CPU.Build.0 = Debug|Any CPU
		{26AF5731-0D3D-47B4-B7C3-250D83F70D54}.Debug|x64.ActiveCfg = Debug|Any CPU
		{26AF5731-0D3D-47B4-B7C3-250D83F70D54}.Debug|x64.Build.0 = Debug|Any CPU
		{26AF5731-0D3D-47B4-B7C3-250D83F70D54}.Debug|x86.ActiveCfg = Debug|Any CPU
		{26AF5731-0D3D-47B4-B7C3-250D83F70D54}.Debug|x86.Build.0 = Debug|Any CPU
		{26AF5731-0D3D-47B4-B7C3-250D83F70D54}.Release|Any CPU.ActiveCfg = Release|Any CPU
		{26AF5731-0D3D-47B4-B7C3-250D83F70D54}.Release|Any CPU.Build.0 = Release|Any CPU
		{26AF5731-0D3D-47B4-B7C3-250D83F70D54}.Release|x64.ActiveCfg = Release|Any CPU
		{26AF5731-0D3D-47B4-B7C3-250D83F70D54}.Release|x64.Build.0 = Release|Any CPU
		{26AF5731-0D3D-47B4-B7C3-250D83F70D54}.Release|x86.ActiveCfg = Release|Any CPU
		{26AF5731-0D3D-47B4-B7C3-250D83F70D54}.Release|x86.Build.0 = Release|Any CPU
		{AF3F2573-45C4-4F50-B47B-1833D9031CBE}.Debug|Any CPU.ActiveCfg = Debug|Any CPU
		{AF3F2573-45C4-4F50-B47B-1833D9031CBE}.Debug|Any CPU.Build.0 = Debug|Any CPU
		{AF3F2573-45C4-4F50-B47B-1833D9031CBE}.Debug|x64.ActiveCfg = Debug|Any CPU
		{AF3F2573-45C4-4F50-B47B-1833D9031CBE}.Debug|x64.Build.0 = Debug|Any CPU
		{AF3F2573-45C4-4F50-B47B-1833D9031CBE}.Debug|x86.ActiveCfg = Debug|Any CPU
		{AF3F2573-45C4-4F50-B47B-1833D9031CBE}.Debug|x86.Build.0 = Debug|Any CPU
		{AF3F2573-45C4-4F50-B47B-1833D9031CBE}.Release|Any CPU.ActiveCfg = Release|Any CPU
		{AF3F2573-45C4-4F50-B47B-1833D9031CBE}.Release|Any CPU.Build.0 = Release|Any CPU
		{AF3F2573-45C4-4F50-B47B-1833D9031CBE}.Release|x64.ActiveCfg = Release|Any CPU
		{AF3F2573-45C4-4F50-B47B-1833D9031CBE}.Release|x64.Build.0 = Release|Any CPU
		{AF3F2573-45C4-4F50-B47B-1833D9031CBE}.Release|x86.ActiveCfg = Release|Any CPU
		{AF3F2573-45C4-4F50-B47B-1833D9031CBE}.Release|x86.Build.0 = Release|Any CPU
		{DF0F575D-A469-4128-9D17-060A1F6538B4}.Debug|Any CPU.ActiveCfg = Debug|Any CPU
		{DF0F575D-A469-4128-9D17-060A1F6538B4}.Debug|Any CPU.Build.0 = Debug|Any CPU
		{DF0F575D-A469-4128-9D17-060A1F6538B4}.Debug|x64.ActiveCfg = Debug|Any CPU
		{DF0F575D-A469-4128-9D17-060A1F6538B4}.Debug|x64.Build.0 = Debug|Any CPU
		{DF0F575D-A469-4128-9D17-060A1F6538B4}.Debug|x86.ActiveCfg = Debug|Any CPU
		{DF0F575D-A469-4128-9D17-060A1F6538B4}.Debug|x86.Build.0 = Debug|Any CPU
		{DF0F575D-A469-4128-9D17-060A1F6538B4}.Release|Any CPU.ActiveCfg = Release|Any CPU
		{DF0F575D-A469-4128-9D17-060A1F6538B4}.Release|Any CPU.Build.0 = Release|Any CPU
		{DF0F575D-A469-4128-9D17-060A1F6538B4}.Release|x64.ActiveCfg = Release|Any CPU
		{DF0F575D-A469-4128-9D17-060A1F6538B4}.Release|x64.Build.0 = Release|Any CPU
		{DF0F575D-A469-4128-9D17-060A1F6538B4}.Release|x86.ActiveCfg = Release|Any CPU
		{DF0F575D-A469-4128-9D17-060A1F6538B4}.Release|x86.Build.0 = Release|Any CPU
		{65F8BC90-2A34-481A-9CE1-5AA8D543AD7E}.Debug|Any CPU.ActiveCfg = Debug|Any CPU
		{65F8BC90-2A34-481A-9CE1-5AA8D543AD7E}.Debug|Any CPU.Build.0 = Debug|Any CPU
		{65F8BC90-2A34-481A-9CE1-5AA8D543AD7E}.Debug|x64.ActiveCfg = Debug|Any CPU
		{65F8BC90-2A34-481A-9CE1-5AA8D543AD7E}.Debug|x64.Build.0 = Debug|Any CPU
		{65F8BC90-2A34-481A-9CE1-5AA8D543AD7E}.Debug|x86.ActiveCfg = Debug|Any CPU
		{65F8BC90-2A34-481A-9CE1-5AA8D543AD7E}.Debug|x86.Build.0 = Debug|Any CPU
		{65F8BC90-2A34-481A-9CE1-5AA8D543AD7E}.Release|Any CPU.ActiveCfg = Release|Any CPU
		{65F8BC90-2A34-481A-9CE1-5AA8D543AD7E}.Release|Any CPU.Build.0 = Release|Any CPU
		{65F8BC90-2A34-481A-9CE1-5AA8D543AD7E}.Release|x64.ActiveCfg = Release|Any CPU
		{65F8BC90-2A34-481A-9CE1-5AA8D543AD7E}.Release|x64.Build.0 = Release|Any CPU
		{65F8BC90-2A34-481A-9CE1-5AA8D543AD7E}.Release|x86.ActiveCfg = Release|Any CPU
		{65F8BC90-2A34-481A-9CE1-5AA8D543AD7E}.Release|x86.Build.0 = Release|Any CPU
		{A491FC3F-1D1B-4F63-A33E-19DD05F8B871}.Debug|Any CPU.ActiveCfg = Debug|Any CPU
		{A491FC3F-1D1B-4F63-A33E-19DD05F8B871}.Debug|Any CPU.Build.0 = Debug|Any CPU
		{A491FC3F-1D1B-4F63-A33E-19DD05F8B871}.Debug|x64.ActiveCfg = Debug|Any CPU
		{A491FC3F-1D1B-4F63-A33E-19DD05F8B871}.Debug|x64.Build.0 = Debug|Any CPU
		{A491FC3F-1D1B-4F63-A33E-19DD05F8B871}.Debug|x86.ActiveCfg = Debug|Any CPU
		{A491FC3F-1D1B-4F63-A33E-19DD05F8B871}.Debug|x86.Build.0 = Debug|Any CPU
		{A491FC3F-1D1B-4F63-A33E-19DD05F8B871}.Release|Any CPU.ActiveCfg = Release|Any CPU
		{A491FC3F-1D1B-4F63-A33E-19DD05F8B871}.Release|Any CPU.Build.0 = Release|Any CPU
		{A491FC3F-1D1B-4F63-A33E-19DD05F8B871}.Release|x64.ActiveCfg = Release|Any CPU
		{A491FC3F-1D1B-4F63-A33E-19DD05F8B871}.Release|x64.Build.0 = Release|Any CPU
		{A491FC3F-1D1B-4F63-A33E-19DD05F8B871}.Release|x86.ActiveCfg = Release|Any CPU
		{A491FC3F-1D1B-4F63-A33E-19DD05F8B871}.Release|x86.Build.0 = Release|Any CPU
		{FD627051-9DB7-4F19-A3A5-C5439BBAEB4C}.Debug|Any CPU.ActiveCfg = Debug|Any CPU
		{FD627051-9DB7-4F19-A3A5-C5439BBAEB4C}.Debug|Any CPU.Build.0 = Debug|Any CPU
		{FD627051-9DB7-4F19-A3A5-C5439BBAEB4C}.Debug|x64.ActiveCfg = Debug|Any CPU
		{FD627051-9DB7-4F19-A3A5-C5439BBAEB4C}.Debug|x64.Build.0 = Debug|Any CPU
		{FD627051-9DB7-4F19-A3A5-C5439BBAEB4C}.Debug|x86.ActiveCfg = Debug|Any CPU
		{FD627051-9DB7-4F19-A3A5-C5439BBAEB4C}.Debug|x86.Build.0 = Debug|Any CPU
		{FD627051-9DB7-4F19-A3A5-C5439BBAEB4C}.Release|Any CPU.ActiveCfg = Release|Any CPU
		{FD627051-9DB7-4F19-A3A5-C5439BBAEB4C}.Release|Any CPU.Build.0 = Release|Any CPU
		{FD627051-9DB7-4F19-A3A5-C5439BBAEB4C}.Release|x64.ActiveCfg = Release|Any CPU
		{FD627051-9DB7-4F19-A3A5-C5439BBAEB4C}.Release|x64.Build.0 = Release|Any CPU
		{FD627051-9DB7-4F19-A3A5-C5439BBAEB4C}.Release|x86.ActiveCfg = Release|Any CPU
		{FD627051-9DB7-4F19-A3A5-C5439BBAEB4C}.Release|x86.Build.0 = Release|Any CPU
		{B5A642E5-39FB-48D5-824A-1A1AB9B34D91}.Debug|Any CPU.ActiveCfg = Debug|Any CPU
		{B5A642E5-39FB-48D5-824A-1A1AB9B34D91}.Debug|Any CPU.Build.0 = Debug|Any CPU
		{B5A642E5-39FB-48D5-824A-1A1AB9B34D91}.Debug|x64.ActiveCfg = Debug|Any CPU
		{B5A642E5-39FB-48D5-824A-1A1AB9B34D91}.Debug|x64.Build.0 = Debug|Any CPU
		{B5A642E5-39FB-48D5-824A-1A1AB9B34D91}.Debug|x86.ActiveCfg = Debug|Any CPU
		{B5A642E5-39FB-48D5-824A-1A1AB9B34D91}.Debug|x86.Build.0 = Debug|Any CPU
		{B5A642E5-39FB-48D5-824A-1A1AB9B34D91}.Release|Any CPU.ActiveCfg = Release|Any CPU
		{B5A642E5-39FB-48D5-824A-1A1AB9B34D91}.Release|Any CPU.Build.0 = Release|Any CPU
		{B5A642E5-39FB-48D5-824A-1A1AB9B34D91}.Release|x64.ActiveCfg = Release|Any CPU
		{B5A642E5-39FB-48D5-824A-1A1AB9B34D91}.Release|x64.Build.0 = Release|Any CPU
		{B5A642E5-39FB-48D5-824A-1A1AB9B34D91}.Release|x86.ActiveCfg = Release|Any CPU
		{B5A642E5-39FB-48D5-824A-1A1AB9B34D91}.Release|x86.Build.0 = Release|Any CPU
	EndGlobalSection
	GlobalSection(SolutionProperties) = preSolution
		HideSolutionNode = FALSE
	EndGlobalSection
	GlobalSection(NestedProjects) = preSolution
		{981C2CF6-E5BB-602A-511C-234B538302B0} = {827E0CD3-B72D-47B6-A68D-7590B98EB39B}
		{3496207D-F01D-43A8-87C8-CA3F5A838AE2} = {981C2CF6-E5BB-602A-511C-234B538302B0}
		{F88825BB-1F2A-4423-A4BF-9A860DF946BD} = {981C2CF6-E5BB-602A-511C-234B538302B0}
		{23A41FAB-7CC8-4F9A-B34F-50A1417B6736} = {981C2CF6-E5BB-602A-511C-234B538302B0}
		{C8E42992-5E42-0C2B-DBFE-AA848D06431C} = {827E0CD3-B72D-47B6-A68D-7590B98EB39B}
		{C6B6B610-DF07-4872-B647-1795DB007FAE} = {C8E42992-5E42-0C2B-DBFE-AA848D06431C}
		{0F3A5132-F834-4DB1-A979-CDF7D95C3C4B} = {C8E42992-5E42-0C2B-DBFE-AA848D06431C}
		{4158EF5F-2C93-D6F3-98CF-1EDBE6F18EA0} = {827E0CD3-B72D-47B6-A68D-7590B98EB39B}
		{46FADAC6-1539-470A-B175-B05EFBF2C2A5} = {4158EF5F-2C93-D6F3-98CF-1EDBE6F18EA0}
		{D5BC91E9-A35B-4778-BACF-CD8C80EB851A} = {4158EF5F-2C93-D6F3-98CF-1EDBE6F18EA0}
		{58D3A2C3-F96F-5E57-2C6B-ECE59D6A18FC} = {827E0CD3-B72D-47B6-A68D-7590B98EB39B}
		{71C55297-17EC-4EE4-82B7-69FDD500B86D} = {58D3A2C3-F96F-5E57-2C6B-ECE59D6A18FC}
		{BA4F26CC-7A08-415C-94C8-0F7231E2D6AF} = {58D3A2C3-F96F-5E57-2C6B-ECE59D6A18FC}
		{2A659D52-F445-419E-AB71-4B81C3B822B2} = {58D3A2C3-F96F-5E57-2C6B-ECE59D6A18FC}
		{BDD2F676-E3F4-478F-90B1-3FE805DAA94E} = {58D3A2C3-F96F-5E57-2C6B-ECE59D6A18FC}
		{F1D9BCA3-0E64-4D18-AEEF-1961778B9763} = {58D3A2C3-F96F-5E57-2C6B-ECE59D6A18FC}
		{291FE132-B9B6-4A2A-9289-F50E5DD35C0E} = {58D3A2C3-F96F-5E57-2C6B-ECE59D6A18FC}
		{251FA40C-AC2F-1119-6E2C-255695F88EFF} = {0AB3BF05-4346-4AA6-1389-037BE0695223}
		{7BDAD76D-3EE5-4F5D-A3C1-BA25A3BE803B} = {251FA40C-AC2F-1119-6E2C-255695F88EFF}
		{26AF5731-0D3D-47B4-B7C3-250D83F70D54} = {251FA40C-AC2F-1119-6E2C-255695F88EFF}
		{AF3F2573-45C4-4F50-B47B-1833D9031CBE} = {251FA40C-AC2F-1119-6E2C-255695F88EFF}
		{2D90B387-9E96-A33A-A182-52F1887BC10C} = {0AB3BF05-4346-4AA6-1389-037BE0695223}
		{DF0F575D-A469-4128-9D17-060A1F6538B4} = {2D90B387-9E96-A33A-A182-52F1887BC10C}
		{65F8BC90-2A34-481A-9CE1-5AA8D543AD7E} = {251FA40C-AC2F-1119-6E2C-255695F88EFF}
		{A491FC3F-1D1B-4F63-A33E-19DD05F8B871} = {58D3A2C3-F96F-5E57-2C6B-ECE59D6A18FC}
		{FD627051-9DB7-4F19-A3A5-C5439BBAEB4C} = {251FA40C-AC2F-1119-6E2C-255695F88EFF}
		{B5A642E5-39FB-48D5-824A-1A1AB9B34D91} = {251FA40C-AC2F-1119-6E2C-255695F88EFF}
	EndGlobalSection
EndGlobal
