
Microsoft Visual Studio Solution File, Format Version 12.00
# Visual Studio Version 17
VisualStudioVersion = 17.0.31903.59
MinimumVisualStudioVersion = 10.0.40219.1
Project("{2150E333-8FDC-42A3-9474-1A3956D46DE8}") = "framework", "framework", "{9A0CCAB9-4303-13B4-2371-F1B97FF5B728}"
EndProject
Project("{2150E333-8FDC-42A3-9474-1A3956D46DE8}") = "src", "src", "{ACAFF227-C307-C93B-24FB-255AEFB27327}"
EndProject
Project("{FAE04EC0-301F-11D3-BF4B-00C04F79EFBC}") = "WingedBean.Contracts.Audio", "framework\src\WingedBean.Contracts.Audio\WingedBean.Contracts.Audio.csproj", "{E2BEEF8F-DA7F-4A15-8ED2-00AA47AD55DB}"
EndProject
Project("{FAE04EC0-301F-11D3-BF4B-00C04F79EFBC}") = "WingedBean.Contracts.Config", "framework\src\WingedBean.Contracts.Config\WingedBean.Contracts.Config.csproj", "{5C9CE2BD-49E9-4A3D-BF66-42B1D97BD96C}"
EndProject
Project("{FAE04EC0-301F-11D3-BF4B-00C04F79EFBC}") = "WingedBean.Contracts.Core", "framework\src\WingedBean.Contracts.Core\WingedBean.Contracts.Core.csproj", "{E00C88E1-09A7-4DF6-A9DC-76B67896794D}"
EndProject
Project("{FAE04EC0-301F-11D3-BF4B-00C04F79EFBC}") = "WingedBean.Contracts.Pty", "framework\src\WingedBean.Contracts.Pty\WingedBean.Contracts.Pty.csproj", "{DA7A2C3B-1F37-46C0-B357-C60A9B14C2F4}"
EndProject
Project("{FAE04EC0-301F-11D3-BF4B-00C04F79EFBC}") = "WingedBean.Contracts.Resource", "framework\src\WingedBean.Contracts.Resource\WingedBean.Contracts.Resource.csproj", "{FE4CAA3F-799E-4975-9CF0-EF807AFDA6D1}"
EndProject
Project("{FAE04EC0-301F-11D3-BF4B-00C04F79EFBC}") = "WingedBean.Contracts.TerminalUI", "framework\src\WingedBean.Contracts.TerminalUI\WingedBean.Contracts.TerminalUI.csproj", "{E5928EC5-3C46-4A26-A803-36B2FF8E2D40}"
EndProject
Project("{FAE04EC0-301F-11D3-BF4B-00C04F79EFBC}") = "WingedBean.Contracts.WebSocket", "framework\src\WingedBean.Contracts.WebSocket\WingedBean.Contracts.WebSocket.csproj", "{EBFADD8A-7BE7-4F28-9512-0115AA0D0C1F}"
EndProject
Project("{FAE04EC0-301F-11D3-BF4B-00C04F79EFBC}") = "WingedBean.Registry", "framework\src\WingedBean.Registry\WingedBean.Registry.csproj", "{C9634602-B636-4CD8-B0FD-66868443AC84}"
EndProject
Project("{FAE04EC0-301F-11D3-BF4B-00C04F79EFBC}") = "WingedBean.Registry.Tests", "framework\tests\WingedBean.Registry.Tests\WingedBean.Registry.Tests.csproj", "{3862C6E7-3C6D-4117-8622-D0F2AF4FD780}"
EndProject
Project("{2150E333-8FDC-42A3-9474-1A3956D46DE8}") = "console", "console", "{09D8FB36-4898-7C8E-B3F7-02AC6C3AAC25}"
EndProject
Project("{2150E333-8FDC-42A3-9474-1A3956D46DE8}") = "src", "src", "{0306C431-8790-AEF1-89C9-FFB99B31B692}"
EndProject
Project("{2150E333-8FDC-42A3-9474-1A3956D46DE8}") = "host", "host", "{88F683E5-DBFE-E66C-E6A8-C71B16F96BE2}"
EndProject
Project("{FAE04EC0-301F-11D3-BF4B-00C04F79EFBC}") = "ConsoleDungeon.Host", "console\src\host\ConsoleDungeon.Host\ConsoleDungeon.Host.csproj", "{C89C157E-7E20-468E-B44A-DB58E86A009B}"
EndProject
Project("{FAE04EC0-301F-11D3-BF4B-00C04F79EFBC}") = "WingedBean.Host.Console", "console\src\host\WingedBean.Host.Console\WingedBean.Host.Console.csproj", "{D87FD834-9C26-47CB-AAEF-3FF24DA9CBB7}"
EndProject
Project("{FAE04EC0-301F-11D3-BF4B-00C04F79EFBC}") = "WingedBean.Plugins.AsciinemaRecorder", "console\src\plugins\WingedBean.Plugins.AsciinemaRecorder\WingedBean.Plugins.AsciinemaRecorder.csproj", "{050A9E6B-4975-48AB-BF43-0B8C282359B2}"
EndProject
Project("{FAE04EC0-301F-11D3-BF4B-00C04F79EFBC}") = "WingedBean.Plugins.Config", "console\src\plugins\WingedBean.Plugins.Config\WingedBean.Plugins.Config.csproj", "{0CC1B8B3-F13F-4F60-9060-8B727B554510}"
EndProject
Project("{FAE04EC0-301F-11D3-BF4B-00C04F79EFBC}") = "WingedBean.Plugins.ConsoleDungeon", "console\src\plugins\WingedBean.Plugins.ConsoleDungeon\WingedBean.Plugins.ConsoleDungeon.csproj", "{C5CFB232-F0FA-4787-95D7-14174755A373}"
EndProject
Project("{FAE04EC0-301F-11D3-BF4B-00C04F79EFBC}") = "WingedBean.Plugins.PtyService", "console\src\plugins\WingedBean.Plugins.PtyService\WingedBean.Plugins.PtyService.csproj", "{8D915A55-DE9A-456D-BDE4-6A86409A710E}"
EndProject
Project("{FAE04EC0-301F-11D3-BF4B-00C04F79EFBC}") = "WingedBean.Plugins.TerminalUI", "console\src\plugins\WingedBean.Plugins.TerminalUI\WingedBean.Plugins.TerminalUI.csproj", "{46B5D178-21EF-49EA-A7D9-55F2A20CCA7F}"
EndProject
Project("{FAE04EC0-301F-11D3-BF4B-00C04F79EFBC}") = "WingedBean.Plugins.WebSocket", "console\src\plugins\WingedBean.Plugins.WebSocket\WingedBean.Plugins.WebSocket.csproj", "{826FDC0C-851F-4BC7-9C27-D833084F194D}"
EndProject
Project("{FAE04EC0-301F-11D3-BF4B-00C04F79EFBC}") = "WingedBean.Providers.AssemblyContext", "console\src\providers\WingedBean.Providers.AssemblyContext\WingedBean.Providers.AssemblyContext.csproj", "{31CD0A17-381A-4EB4-9769-4D1A367917EC}"
EndProject
Project("{FAE04EC0-301F-11D3-BF4B-00C04F79EFBC}") = "WingedBean.PluginLoader", "framework\src\WingedBean.PluginLoader\WingedBean.PluginLoader.csproj", "{D7E8A83B-4FEF-4D80-A6DD-63AA0DB7AD68}"
EndProject
Project("{FAE04EC0-301F-11D3-BF4B-00C04F79EFBC}") = "WingedBean.Plugins.Config.Tests", "console\tests\plugins\WingedBean.Plugins.Config.Tests\WingedBean.Plugins.Config.Tests.csproj", "{7A286C87-A770-47BB-93E8-514F8E3EEB35}"
EndProject
Project("{FAE04EC0-301F-11D3-BF4B-00C04F79EFBC}") = "WingedBean.Plugins.TerminalUI.Tests", "console\tests\plugins\WingedBean.Plugins.TerminalUI.Tests\WingedBean.Plugins.TerminalUI.Tests.csproj", "{536146B2-00D6-4B73-98F4-18D8B56F26B7}"
EndProject
Project("{FAE04EC0-301F-11D3-BF4B-00C04F79EFBC}") = "WingedBean.Plugins.WebSocket.Tests", "console\tests\plugins\WingedBean.Plugins.WebSocket.Tests\WingedBean.Plugins.WebSocket.Tests.csproj", "{48D72608-4539-4D7C-BF9A-36EC8ABAD44F}"
EndProject
Project("{FAE04EC0-301F-11D3-BF4B-00C04F79EFBC}") = "WingedBean.Providers.AssemblyContext.Tests", "console\tests\providers\WingedBean.Providers.AssemblyContext.Tests\WingedBean.Providers.AssemblyContext.Tests.csproj", "{134F0D31-0AEC-449E-A049-5B98AF252206}"
EndProject
Project("{FAE04EC0-301F-11D3-BF4B-00C04F79EFBC}") = "WingedBean.PluginLoader.Tests", "console\tests\shared\WingedBean.PluginLoader.Tests\WingedBean.PluginLoader.Tests.csproj", "{A74A0C5E-4D53-443A-B1D1-AF7314076113}"
EndProject
Project("{FAE04EC0-301F-11D3-BF4B-00C04F79EFBC}") = "WingedBean.PluginSystem", "framework\src\WingedBean.PluginSystem\WingedBean.PluginSystem.csproj", "{8F1B0E69-B3FD-4A94-A1AA-805F54A1C04D}"
EndProject
Project("{FAE04EC0-301F-11D3-BF4B-00C04F79EFBC}") = "WingedBean.Demo", "console\src\demos\WingedBean.Demo\WingedBean.Demo.csproj", "{9BCE994C-EBFD-49C3-90B9-F58D88336786}"
EndProject
Project("{FAE04EC0-301F-11D3-BF4B-00C04F79EFBC}") = "WingedBean.Contracts.ECS", "framework\src\WingedBean.Contracts.ECS\WingedBean.Contracts.ECS.csproj", "{5A87CA13-1054-49D3-9ED2-C26EB98FBBC5}"
EndProject
Project("{2150E333-8FDC-42A3-9474-1A3956D46DE8}") = "plugins", "plugins", "{1E7B0944-635D-78BC-95F9-6F520EBC4385}"
EndProject
Project("{FAE04EC0-301F-11D3-BF4B-00C04F79EFBC}") = "WingedBean.Plugins.ArchECS", "console\src\plugins\WingedBean.Plugins.ArchECS\WingedBean.Plugins.ArchECS.csproj", "{A44E92FE-EDEF-40D3-A1C9-724DBF5CC0CE}"
EndProject
Global
	GlobalSection(SolutionConfigurationPlatforms) = preSolution
		Debug|Any CPU = Debug|Any CPU
		Debug|x64 = Debug|x64
		Debug|x86 = Debug|x86
		Release|Any CPU = Release|Any CPU
		Release|x64 = Release|x64
		Release|x86 = Release|x86
	EndGlobalSection
	GlobalSection(ProjectConfigurationPlatforms) = postSolution
		{E2BEEF8F-DA7F-4A15-8ED2-00AA47AD55DB}.Debug|Any CPU.ActiveCfg = Debug|Any CPU
		{E2BEEF8F-DA7F-4A15-8ED2-00AA47AD55DB}.Debug|Any CPU.Build.0 = Debug|Any CPU
		{E2BEEF8F-DA7F-4A15-8ED2-00AA47AD55DB}.Debug|x64.ActiveCfg = Debug|Any CPU
		{E2BEEF8F-DA7F-4A15-8ED2-00AA47AD55DB}.Debug|x64.Build.0 = Debug|Any CPU
		{E2BEEF8F-DA7F-4A15-8ED2-00AA47AD55DB}.Debug|x86.ActiveCfg = Debug|Any CPU
		{E2BEEF8F-DA7F-4A15-8ED2-00AA47AD55DB}.Debug|x86.Build.0 = Debug|Any CPU
		{E2BEEF8F-DA7F-4A15-8ED2-00AA47AD55DB}.Release|Any CPU.ActiveCfg = Release|Any CPU
		{E2BEEF8F-DA7F-4A15-8ED2-00AA47AD55DB}.Release|Any CPU.Build.0 = Release|Any CPU
		{E2BEEF8F-DA7F-4A15-8ED2-00AA47AD55DB}.Release|x64.ActiveCfg = Release|Any CPU
		{E2BEEF8F-DA7F-4A15-8ED2-00AA47AD55DB}.Release|x64.Build.0 = Release|Any CPU
		{E2BEEF8F-DA7F-4A15-8ED2-00AA47AD55DB}.Release|x86.ActiveCfg = Release|Any CPU
		{E2BEEF8F-DA7F-4A15-8ED2-00AA47AD55DB}.Release|x86.Build.0 = Release|Any CPU
		{5C9CE2BD-49E9-4A3D-BF66-42B1D97BD96C}.Debug|Any CPU.ActiveCfg = Debug|Any CPU
		{5C9CE2BD-49E9-4A3D-BF66-42B1D97BD96C}.Debug|Any CPU.Build.0 = Debug|Any CPU
		{5C9CE2BD-49E9-4A3D-BF66-42B1D97BD96C}.Debug|x64.ActiveCfg = Debug|Any CPU
		{5C9CE2BD-49E9-4A3D-BF66-42B1D97BD96C}.Debug|x64.Build.0 = Debug|Any CPU
		{5C9CE2BD-49E9-4A3D-BF66-42B1D97BD96C}.Debug|x86.ActiveCfg = Debug|Any CPU
		{5C9CE2BD-49E9-4A3D-BF66-42B1D97BD96C}.Debug|x86.Build.0 = Debug|Any CPU
		{5C9CE2BD-49E9-4A3D-BF66-42B1D97BD96C}.Release|Any CPU.ActiveCfg = Release|Any CPU
		{5C9CE2BD-49E9-4A3D-BF66-42B1D97BD96C}.Release|Any CPU.Build.0 = Release|Any CPU
		{5C9CE2BD-49E9-4A3D-BF66-42B1D97BD96C}.Release|x64.ActiveCfg = Release|Any CPU
		{5C9CE2BD-49E9-4A3D-BF66-42B1D97BD96C}.Release|x64.Build.0 = Release|Any CPU
		{5C9CE2BD-49E9-4A3D-BF66-42B1D97BD96C}.Release|x86.ActiveCfg = Release|Any CPU
		{5C9CE2BD-49E9-4A3D-BF66-42B1D97BD96C}.Release|x86.Build.0 = Release|Any CPU
		{E00C88E1-09A7-4DF6-A9DC-76B67896794D}.Debug|Any CPU.ActiveCfg = Debug|Any CPU
		{E00C88E1-09A7-4DF6-A9DC-76B67896794D}.Debug|Any CPU.Build.0 = Debug|Any CPU
		{E00C88E1-09A7-4DF6-A9DC-76B67896794D}.Debug|x64.ActiveCfg = Debug|Any CPU
		{E00C88E1-09A7-4DF6-A9DC-76B67896794D}.Debug|x64.Build.0 = Debug|Any CPU
		{E00C88E1-09A7-4DF6-A9DC-76B67896794D}.Debug|x86.ActiveCfg = Debug|Any CPU
		{E00C88E1-09A7-4DF6-A9DC-76B67896794D}.Debug|x86.Build.0 = Debug|Any CPU
		{E00C88E1-09A7-4DF6-A9DC-76B67896794D}.Release|Any CPU.ActiveCfg = Release|Any CPU
		{E00C88E1-09A7-4DF6-A9DC-76B67896794D}.Release|Any CPU.Build.0 = Release|Any CPU
		{E00C88E1-09A7-4DF6-A9DC-76B67896794D}.Release|x64.ActiveCfg = Release|Any CPU
		{E00C88E1-09A7-4DF6-A9DC-76B67896794D}.Release|x64.Build.0 = Release|Any CPU
		{E00C88E1-09A7-4DF6-A9DC-76B67896794D}.Release|x86.ActiveCfg = Release|Any CPU
		{E00C88E1-09A7-4DF6-A9DC-76B67896794D}.Release|x86.Build.0 = Release|Any CPU
		{DA7A2C3B-1F37-46C0-B357-C60A9B14C2F4}.Debug|Any CPU.ActiveCfg = Debug|Any CPU
		{DA7A2C3B-1F37-46C0-B357-C60A9B14C2F4}.Debug|Any CPU.Build.0 = Debug|Any CPU
		{DA7A2C3B-1F37-46C0-B357-C60A9B14C2F4}.Debug|x64.ActiveCfg = Debug|Any CPU
		{DA7A2C3B-1F37-46C0-B357-C60A9B14C2F4}.Debug|x64.Build.0 = Debug|Any CPU
		{DA7A2C3B-1F37-46C0-B357-C60A9B14C2F4}.Debug|x86.ActiveCfg = Debug|Any CPU
		{DA7A2C3B-1F37-46C0-B357-C60A9B14C2F4}.Debug|x86.Build.0 = Debug|Any CPU
		{DA7A2C3B-1F37-46C0-B357-C60A9B14C2F4}.Release|Any CPU.ActiveCfg = Release|Any CPU
		{DA7A2C3B-1F37-46C0-B357-C60A9B14C2F4}.Release|Any CPU.Build.0 = Release|Any CPU
		{DA7A2C3B-1F37-46C0-B357-C60A9B14C2F4}.Release|x64.ActiveCfg = Release|Any CPU
		{DA7A2C3B-1F37-46C0-B357-C60A9B14C2F4}.Release|x64.Build.0 = Release|Any CPU
		{DA7A2C3B-1F37-46C0-B357-C60A9B14C2F4}.Release|x86.ActiveCfg = Release|Any CPU
		{DA7A2C3B-1F37-46C0-B357-C60A9B14C2F4}.Release|x86.Build.0 = Release|Any CPU
		{FE4CAA3F-799E-4975-9CF0-EF807AFDA6D1}.Debug|Any CPU.ActiveCfg = Debug|Any CPU
		{FE4CAA3F-799E-4975-9CF0-EF807AFDA6D1}.Debug|Any CPU.Build.0 = Debug|Any CPU
		{FE4CAA3F-799E-4975-9CF0-EF807AFDA6D1}.Debug|x64.ActiveCfg = Debug|Any CPU
		{FE4CAA3F-799E-4975-9CF0-EF807AFDA6D1}.Debug|x64.Build.0 = Debug|Any CPU
		{FE4CAA3F-799E-4975-9CF0-EF807AFDA6D1}.Debug|x86.ActiveCfg = Debug|Any CPU
		{FE4CAA3F-799E-4975-9CF0-EF807AFDA6D1}.Debug|x86.Build.0 = Debug|Any CPU
		{FE4CAA3F-799E-4975-9CF0-EF807AFDA6D1}.Release|Any CPU.ActiveCfg = Release|Any CPU
		{FE4CAA3F-799E-4975-9CF0-EF807AFDA6D1}.Release|Any CPU.Build.0 = Release|Any CPU
		{FE4CAA3F-799E-4975-9CF0-EF807AFDA6D1}.Release|x64.ActiveCfg = Release|Any CPU
		{FE4CAA3F-799E-4975-9CF0-EF807AFDA6D1}.Release|x64.Build.0 = Release|Any CPU
		{FE4CAA3F-799E-4975-9CF0-EF807AFDA6D1}.Release|x86.ActiveCfg = Release|Any CPU
		{FE4CAA3F-799E-4975-9CF0-EF807AFDA6D1}.Release|x86.Build.0 = Release|Any CPU
		{E5928EC5-3C46-4A26-A803-36B2FF8E2D40}.Debug|Any CPU.ActiveCfg = Debug|Any CPU
		{E5928EC5-3C46-4A26-A803-36B2FF8E2D40}.Debug|Any CPU.Build.0 = Debug|Any CPU
		{E5928EC5-3C46-4A26-A803-36B2FF8E2D40}.Debug|x64.ActiveCfg = Debug|Any CPU
		{E5928EC5-3C46-4A26-A803-36B2FF8E2D40}.Debug|x64.Build.0 = Debug|Any CPU
		{E5928EC5-3C46-4A26-A803-36B2FF8E2D40}.Debug|x86.ActiveCfg = Debug|Any CPU
		{E5928EC5-3C46-4A26-A803-36B2FF8E2D40}.Debug|x86.Build.0 = Debug|Any CPU
		{E5928EC5-3C46-4A26-A803-36B2FF8E2D40}.Release|Any CPU.ActiveCfg = Release|Any CPU
		{E5928EC5-3C46-4A26-A803-36B2FF8E2D40}.Release|Any CPU.Build.0 = Release|Any CPU
		{E5928EC5-3C46-4A26-A803-36B2FF8E2D40}.Release|x64.ActiveCfg = Release|Any CPU
		{E5928EC5-3C46-4A26-A803-36B2FF8E2D40}.Release|x64.Build.0 = Release|Any CPU
		{E5928EC5-3C46-4A26-A803-36B2FF8E2D40}.Release|x86.ActiveCfg = Release|Any CPU
		{E5928EC5-3C46-4A26-A803-36B2FF8E2D40}.Release|x86.Build.0 = Release|Any CPU
		{EBFADD8A-7BE7-4F28-9512-0115AA0D0C1F}.Debug|Any CPU.ActiveCfg = Debug|Any CPU
		{EBFADD8A-7BE7-4F28-9512-0115AA0D0C1F}.Debug|Any CPU.Build.0 = Debug|Any CPU
		{EBFADD8A-7BE7-4F28-9512-0115AA0D0C1F}.Debug|x64.ActiveCfg = Debug|Any CPU
		{EBFADD8A-7BE7-4F28-9512-0115AA0D0C1F}.Debug|x64.Build.0 = Debug|Any CPU
		{EBFADD8A-7BE7-4F28-9512-0115AA0D0C1F}.Debug|x86.ActiveCfg = Debug|Any CPU
		{EBFADD8A-7BE7-4F28-9512-0115AA0D0C1F}.Debug|x86.Build.0 = Debug|Any CPU
		{EBFADD8A-7BE7-4F28-9512-0115AA0D0C1F}.Release|Any CPU.ActiveCfg = Release|Any CPU
		{EBFADD8A-7BE7-4F28-9512-0115AA0D0C1F}.Release|Any CPU.Build.0 = Release|Any CPU
		{EBFADD8A-7BE7-4F28-9512-0115AA0D0C1F}.Release|x64.ActiveCfg = Release|Any CPU
		{EBFADD8A-7BE7-4F28-9512-0115AA0D0C1F}.Release|x64.Build.0 = Release|Any CPU
		{EBFADD8A-7BE7-4F28-9512-0115AA0D0C1F}.Release|x86.ActiveCfg = Release|Any CPU
		{EBFADD8A-7BE7-4F28-9512-0115AA0D0C1F}.Release|x86.Build.0 = Release|Any CPU
		{C9634602-B636-4CD8-B0FD-66868443AC84}.Debug|Any CPU.ActiveCfg = Debug|Any CPU
		{C9634602-B636-4CD8-B0FD-66868443AC84}.Debug|Any CPU.Build.0 = Debug|Any CPU
		{C9634602-B636-4CD8-B0FD-66868443AC84}.Debug|x64.ActiveCfg = Debug|Any CPU
		{C9634602-B636-4CD8-B0FD-66868443AC84}.Debug|x64.Build.0 = Debug|Any CPU
		{C9634602-B636-4CD8-B0FD-66868443AC84}.Debug|x86.ActiveCfg = Debug|Any CPU
		{C9634602-B636-4CD8-B0FD-66868443AC84}.Debug|x86.Build.0 = Debug|Any CPU
		{C9634602-B636-4CD8-B0FD-66868443AC84}.Release|Any CPU.ActiveCfg = Release|Any CPU
		{C9634602-B636-4CD8-B0FD-66868443AC84}.Release|Any CPU.Build.0 = Release|Any CPU
		{C9634602-B636-4CD8-B0FD-66868443AC84}.Release|x64.ActiveCfg = Release|Any CPU
		{C9634602-B636-4CD8-B0FD-66868443AC84}.Release|x64.Build.0 = Release|Any CPU
		{C9634602-B636-4CD8-B0FD-66868443AC84}.Release|x86.ActiveCfg = Release|Any CPU
		{C9634602-B636-4CD8-B0FD-66868443AC84}.Release|x86.Build.0 = Release|Any CPU
		{3862C6E7-3C6D-4117-8622-D0F2AF4FD780}.Debug|Any CPU.ActiveCfg = Debug|Any CPU
		{3862C6E7-3C6D-4117-8622-D0F2AF4FD780}.Debug|Any CPU.Build.0 = Debug|Any CPU
		{3862C6E7-3C6D-4117-8622-D0F2AF4FD780}.Debug|x64.ActiveCfg = Debug|Any CPU
		{3862C6E7-3C6D-4117-8622-D0F2AF4FD780}.Debug|x64.Build.0 = Debug|Any CPU
		{3862C6E7-3C6D-4117-8622-D0F2AF4FD780}.Debug|x86.ActiveCfg = Debug|Any CPU
		{3862C6E7-3C6D-4117-8622-D0F2AF4FD780}.Debug|x86.Build.0 = Debug|Any CPU
		{3862C6E7-3C6D-4117-8622-D0F2AF4FD780}.Release|Any CPU.ActiveCfg = Release|Any CPU
		{3862C6E7-3C6D-4117-8622-D0F2AF4FD780}.Release|Any CPU.Build.0 = Release|Any CPU
		{3862C6E7-3C6D-4117-8622-D0F2AF4FD780}.Release|x64.ActiveCfg = Release|Any CPU
		{3862C6E7-3C6D-4117-8622-D0F2AF4FD780}.Release|x64.Build.0 = Release|Any CPU
		{3862C6E7-3C6D-4117-8622-D0F2AF4FD780}.Release|x86.ActiveCfg = Release|Any CPU
		{3862C6E7-3C6D-4117-8622-D0F2AF4FD780}.Release|x86.Build.0 = Release|Any CPU
		{C89C157E-7E20-468E-B44A-DB58E86A009B}.Debug|Any CPU.ActiveCfg = Debug|Any CPU
		{C89C157E-7E20-468E-B44A-DB58E86A009B}.Debug|Any CPU.Build.0 = Debug|Any CPU
		{C89C157E-7E20-468E-B44A-DB58E86A009B}.Debug|x64.ActiveCfg = Debug|Any CPU
		{C89C157E-7E20-468E-B44A-DB58E86A009B}.Debug|x64.Build.0 = Debug|Any CPU
		{C89C157E-7E20-468E-B44A-DB58E86A009B}.Debug|x86.ActiveCfg = Debug|Any CPU
		{C89C157E-7E20-468E-B44A-DB58E86A009B}.Debug|x86.Build.0 = Debug|Any CPU
		{C89C157E-7E20-468E-B44A-DB58E86A009B}.Release|Any CPU.ActiveCfg = Release|Any CPU
		{C89C157E-7E20-468E-B44A-DB58E86A009B}.Release|Any CPU.Build.0 = Release|Any CPU
		{C89C157E-7E20-468E-B44A-DB58E86A009B}.Release|x64.ActiveCfg = Release|Any CPU
		{C89C157E-7E20-468E-B44A-DB58E86A009B}.Release|x64.Build.0 = Release|Any CPU
		{C89C157E-7E20-468E-B44A-DB58E86A009B}.Release|x86.ActiveCfg = Release|Any CPU
		{C89C157E-7E20-468E-B44A-DB58E86A009B}.Release|x86.Build.0 = Release|Any CPU
		{D87FD834-9C26-47CB-AAEF-3FF24DA9CBB7}.Debug|Any CPU.ActiveCfg = Debug|Any CPU
		{D87FD834-9C26-47CB-AAEF-3FF24DA9CBB7}.Debug|Any CPU.Build.0 = Debug|Any CPU
		{D87FD834-9C26-47CB-AAEF-3FF24DA9CBB7}.Debug|x64.ActiveCfg = Debug|Any CPU
		{D87FD834-9C26-47CB-AAEF-3FF24DA9CBB7}.Debug|x64.Build.0 = Debug|Any CPU
		{D87FD834-9C26-47CB-AAEF-3FF24DA9CBB7}.Debug|x86.ActiveCfg = Debug|Any CPU
		{D87FD834-9C26-47CB-AAEF-3FF24DA9CBB7}.Debug|x86.Build.0 = Debug|Any CPU
		{D87FD834-9C26-47CB-AAEF-3FF24DA9CBB7}.Release|Any CPU.ActiveCfg = Release|Any CPU
		{D87FD834-9C26-47CB-AAEF-3FF24DA9CBB7}.Release|Any CPU.Build.0 = Release|Any CPU
		{D87FD834-9C26-47CB-AAEF-3FF24DA9CBB7}.Release|x64.ActiveCfg = Release|Any CPU
		{D87FD834-9C26-47CB-AAEF-3FF24DA9CBB7}.Release|x64.Build.0 = Release|Any CPU
		{D87FD834-9C26-47CB-AAEF-3FF24DA9CBB7}.Release|x86.ActiveCfg = Release|Any CPU
		{D87FD834-9C26-47CB-AAEF-3FF24DA9CBB7}.Release|x86.Build.0 = Release|Any CPU
		{050A9E6B-4975-48AB-BF43-0B8C282359B2}.Debug|Any CPU.ActiveCfg = Debug|Any CPU
		{050A9E6B-4975-48AB-BF43-0B8C282359B2}.Debug|Any CPU.Build.0 = Debug|Any CPU
		{050A9E6B-4975-48AB-BF43-0B8C282359B2}.Debug|x64.ActiveCfg = Debug|Any CPU
		{050A9E6B-4975-48AB-BF43-0B8C282359B2}.Debug|x64.Build.0 = Debug|Any CPU
		{050A9E6B-4975-48AB-BF43-0B8C282359B2}.Debug|x86.ActiveCfg = Debug|Any CPU
		{050A9E6B-4975-48AB-BF43-0B8C282359B2}.Debug|x86.Build.0 = Debug|Any CPU
		{050A9E6B-4975-48AB-BF43-0B8C282359B2}.Release|Any CPU.ActiveCfg = Release|Any CPU
		{050A9E6B-4975-48AB-BF43-0B8C282359B2}.Release|Any CPU.Build.0 = Release|Any CPU
		{050A9E6B-4975-48AB-BF43-0B8C282359B2}.Release|x64.ActiveCfg = Release|Any CPU
		{050A9E6B-4975-48AB-BF43-0B8C282359B2}.Release|x64.Build.0 = Release|Any CPU
		{050A9E6B-4975-48AB-BF43-0B8C282359B2}.Release|x86.ActiveCfg = Release|Any CPU
		{050A9E6B-4975-48AB-BF43-0B8C282359B2}.Release|x86.Build.0 = Release|Any CPU
		{0CC1B8B3-F13F-4F60-9060-8B727B554510}.Debug|Any CPU.ActiveCfg = Debug|Any CPU
		{0CC1B8B3-F13F-4F60-9060-8B727B554510}.Debug|Any CPU.Build.0 = Debug|Any CPU
		{0CC1B8B3-F13F-4F60-9060-8B727B554510}.Debug|x64.ActiveCfg = Debug|Any CPU
		{0CC1B8B3-F13F-4F60-9060-8B727B554510}.Debug|x64.Build.0 = Debug|Any CPU
		{0CC1B8B3-F13F-4F60-9060-8B727B554510}.Debug|x86.ActiveCfg = Debug|Any CPU
		{0CC1B8B3-F13F-4F60-9060-8B727B554510}.Debug|x86.Build.0 = Debug|Any CPU
		{0CC1B8B3-F13F-4F60-9060-8B727B554510}.Release|Any CPU.ActiveCfg = Release|Any CPU
		{0CC1B8B3-F13F-4F60-9060-8B727B554510}.Release|Any CPU.Build.0 = Release|Any CPU
		{0CC1B8B3-F13F-4F60-9060-8B727B554510}.Release|x64.ActiveCfg = Release|Any CPU
		{0CC1B8B3-F13F-4F60-9060-8B727B554510}.Release|x64.Build.0 = Release|Any CPU
		{0CC1B8B3-F13F-4F60-9060-8B727B554510}.Release|x86.ActiveCfg = Release|Any CPU
		{0CC1B8B3-F13F-4F60-9060-8B727B554510}.Release|x86.Build.0 = Release|Any CPU
		{C5CFB232-F0FA-4787-95D7-14174755A373}.Debug|Any CPU.ActiveCfg = Debug|Any CPU
		{C5CFB232-F0FA-4787-95D7-14174755A373}.Debug|Any CPU.Build.0 = Debug|Any CPU
		{C5CFB232-F0FA-4787-95D7-14174755A373}.Debug|x64.ActiveCfg = Debug|Any CPU
		{C5CFB232-F0FA-4787-95D7-14174755A373}.Debug|x64.Build.0 = Debug|Any CPU
		{C5CFB232-F0FA-4787-95D7-14174755A373}.Debug|x86.ActiveCfg = Debug|Any CPU
		{C5CFB232-F0FA-4787-95D7-14174755A373}.Debug|x86.Build.0 = Debug|Any CPU
		{C5CFB232-F0FA-4787-95D7-14174755A373}.Release|Any CPU.ActiveCfg = Release|Any CPU
		{C5CFB232-F0FA-4787-95D7-14174755A373}.Release|Any CPU.Build.0 = Release|Any CPU
		{C5CFB232-F0FA-4787-95D7-14174755A373}.Release|x64.ActiveCfg = Release|Any CPU
		{C5CFB232-F0FA-4787-95D7-14174755A373}.Release|x64.Build.0 = Release|Any CPU
		{C5CFB232-F0FA-4787-95D7-14174755A373}.Release|x86.ActiveCfg = Release|Any CPU
		{C5CFB232-F0FA-4787-95D7-14174755A373}.Release|x86.Build.0 = Release|Any CPU
		{8D915A55-DE9A-456D-BDE4-6A86409A710E}.Debug|Any CPU.ActiveCfg = Debug|Any CPU
		{8D915A55-DE9A-456D-BDE4-6A86409A710E}.Debug|Any CPU.Build.0 = Debug|Any CPU
		{8D915A55-DE9A-456D-BDE4-6A86409A710E}.Debug|x64.ActiveCfg = Debug|Any CPU
		{8D915A55-DE9A-456D-BDE4-6A86409A710E}.Debug|x64.Build.0 = Debug|Any CPU
		{8D915A55-DE9A-456D-BDE4-6A86409A710E}.Debug|x86.ActiveCfg = Debug|Any CPU
		{8D915A55-DE9A-456D-BDE4-6A86409A710E}.Debug|x86.Build.0 = Debug|Any CPU
		{8D915A55-DE9A-456D-BDE4-6A86409A710E}.Release|Any CPU.ActiveCfg = Release|Any CPU
		{8D915A55-DE9A-456D-BDE4-6A86409A710E}.Release|Any CPU.Build.0 = Release|Any CPU
		{8D915A55-DE9A-456D-BDE4-6A86409A710E}.Release|x64.ActiveCfg = Release|Any CPU
		{8D915A55-DE9A-456D-BDE4-6A86409A710E}.Release|x64.Build.0 = Release|Any CPU
		{8D915A55-DE9A-456D-BDE4-6A86409A710E}.Release|x86.ActiveCfg = Release|Any CPU
		{8D915A55-DE9A-456D-BDE4-6A86409A710E}.Release|x86.Build.0 = Release|Any CPU
		{46B5D178-21EF-49EA-A7D9-55F2A20CCA7F}.Debug|Any CPU.ActiveCfg = Debug|Any CPU
		{46B5D178-21EF-49EA-A7D9-55F2A20CCA7F}.Debug|Any CPU.Build.0 = Debug|Any CPU
		{46B5D178-21EF-49EA-A7D9-55F2A20CCA7F}.Debug|x64.ActiveCfg = Debug|Any CPU
		{46B5D178-21EF-49EA-A7D9-55F2A20CCA7F}.Debug|x64.Build.0 = Debug|Any CPU
		{46B5D178-21EF-49EA-A7D9-55F2A20CCA7F}.Debug|x86.ActiveCfg = Debug|Any CPU
		{46B5D178-21EF-49EA-A7D9-55F2A20CCA7F}.Debug|x86.Build.0 = Debug|Any CPU
		{46B5D178-21EF-49EA-A7D9-55F2A20CCA7F}.Release|Any CPU.ActiveCfg = Release|Any CPU
		{46B5D178-21EF-49EA-A7D9-55F2A20CCA7F}.Release|Any CPU.Build.0 = Release|Any CPU
		{46B5D178-21EF-49EA-A7D9-55F2A20CCA7F}.Release|x64.ActiveCfg = Release|Any CPU
		{46B5D178-21EF-49EA-A7D9-55F2A20CCA7F}.Release|x64.Build.0 = Release|Any CPU
		{46B5D178-21EF-49EA-A7D9-55F2A20CCA7F}.Release|x86.ActiveCfg = Release|Any CPU
		{46B5D178-21EF-49EA-A7D9-55F2A20CCA7F}.Release|x86.Build.0 = Release|Any CPU
		{826FDC0C-851F-4BC7-9C27-D833084F194D}.Debug|Any CPU.ActiveCfg = Debug|Any CPU
		{826FDC0C-851F-4BC7-9C27-D833084F194D}.Debug|Any CPU.Build.0 = Debug|Any CPU
		{826FDC0C-851F-4BC7-9C27-D833084F194D}.Debug|x64.ActiveCfg = Debug|Any CPU
		{826FDC0C-851F-4BC7-9C27-D833084F194D}.Debug|x64.Build.0 = Debug|Any CPU
		{826FDC0C-851F-4BC7-9C27-D833084F194D}.Debug|x86.ActiveCfg = Debug|Any CPU
		{826FDC0C-851F-4BC7-9C27-D833084F194D}.Debug|x86.Build.0 = Debug|Any CPU
		{826FDC0C-851F-4BC7-9C27-D833084F194D}.Release|Any CPU.ActiveCfg = Release|Any CPU
		{826FDC0C-851F-4BC7-9C27-D833084F194D}.Release|Any CPU.Build.0 = Release|Any CPU
		{826FDC0C-851F-4BC7-9C27-D833084F194D}.Release|x64.ActiveCfg = Release|Any CPU
		{826FDC0C-851F-4BC7-9C27-D833084F194D}.Release|x64.Build.0 = Release|Any CPU
		{826FDC0C-851F-4BC7-9C27-D833084F194D}.Release|x86.ActiveCfg = Release|Any CPU
		{826FDC0C-851F-4BC7-9C27-D833084F194D}.Release|x86.Build.0 = Release|Any CPU
		{31CD0A17-381A-4EB4-9769-4D1A367917EC}.Debug|Any CPU.ActiveCfg = Debug|Any CPU
		{31CD0A17-381A-4EB4-9769-4D1A367917EC}.Debug|Any CPU.Build.0 = Debug|Any CPU
		{31CD0A17-381A-4EB4-9769-4D1A367917EC}.Debug|x64.ActiveCfg = Debug|Any CPU
		{31CD0A17-381A-4EB4-9769-4D1A367917EC}.Debug|x64.Build.0 = Debug|Any CPU
		{31CD0A17-381A-4EB4-9769-4D1A367917EC}.Debug|x86.ActiveCfg = Debug|Any CPU
		{31CD0A17-381A-4EB4-9769-4D1A367917EC}.Debug|x86.Build.0 = Debug|Any CPU
		{31CD0A17-381A-4EB4-9769-4D1A367917EC}.Release|Any CPU.ActiveCfg = Release|Any CPU
		{31CD0A17-381A-4EB4-9769-4D1A367917EC}.Release|Any CPU.Build.0 = Release|Any CPU
		{31CD0A17-381A-4EB4-9769-4D1A367917EC}.Release|x64.ActiveCfg = Release|Any CPU
		{31CD0A17-381A-4EB4-9769-4D1A367917EC}.Release|x64.Build.0 = Release|Any CPU
		{31CD0A17-381A-4EB4-9769-4D1A367917EC}.Release|x86.ActiveCfg = Release|Any CPU
		{31CD0A17-381A-4EB4-9769-4D1A367917EC}.Release|x86.Build.0 = Release|Any CPU
		{D7E8A83B-4FEF-4D80-A6DD-63AA0DB7AD68}.Debug|Any CPU.ActiveCfg = Debug|Any CPU
		{D7E8A83B-4FEF-4D80-A6DD-63AA0DB7AD68}.Debug|Any CPU.Build.0 = Debug|Any CPU
		{D7E8A83B-4FEF-4D80-A6DD-63AA0DB7AD68}.Debug|x64.ActiveCfg = Debug|Any CPU
		{D7E8A83B-4FEF-4D80-A6DD-63AA0DB7AD68}.Debug|x64.Build.0 = Debug|Any CPU
		{D7E8A83B-4FEF-4D80-A6DD-63AA0DB7AD68}.Debug|x86.ActiveCfg = Debug|Any CPU
		{D7E8A83B-4FEF-4D80-A6DD-63AA0DB7AD68}.Debug|x86.Build.0 = Debug|Any CPU
		{D7E8A83B-4FEF-4D80-A6DD-63AA0DB7AD68}.Release|Any CPU.ActiveCfg = Release|Any CPU
		{D7E8A83B-4FEF-4D80-A6DD-63AA0DB7AD68}.Release|Any CPU.Build.0 = Release|Any CPU
		{D7E8A83B-4FEF-4D80-A6DD-63AA0DB7AD68}.Release|x64.ActiveCfg = Release|Any CPU
		{D7E8A83B-4FEF-4D80-A6DD-63AA0DB7AD68}.Release|x64.Build.0 = Release|Any CPU
		{D7E8A83B-4FEF-4D80-A6DD-63AA0DB7AD68}.Release|x86.ActiveCfg = Release|Any CPU
		{D7E8A83B-4FEF-4D80-A6DD-63AA0DB7AD68}.Release|x86.Build.0 = Release|Any CPU
		{7A286C87-A770-47BB-93E8-514F8E3EEB35}.Debug|Any CPU.ActiveCfg = Debug|Any CPU
		{7A286C87-A770-47BB-93E8-514F8E3EEB35}.Debug|Any CPU.Build.0 = Debug|Any CPU
		{7A286C87-A770-47BB-93E8-514F8E3EEB35}.Debug|x64.ActiveCfg = Debug|Any CPU
		{7A286C87-A770-47BB-93E8-514F8E3EEB35}.Debug|x64.Build.0 = Debug|Any CPU
		{7A286C87-A770-47BB-93E8-514F8E3EEB35}.Debug|x86.ActiveCfg = Debug|Any CPU
		{7A286C87-A770-47BB-93E8-514F8E3EEB35}.Debug|x86.Build.0 = Debug|Any CPU
		{7A286C87-A770-47BB-93E8-514F8E3EEB35}.Release|Any CPU.ActiveCfg = Release|Any CPU
		{7A286C87-A770-47BB-93E8-514F8E3EEB35}.Release|Any CPU.Build.0 = Release|Any CPU
		{7A286C87-A770-47BB-93E8-514F8E3EEB35}.Release|x64.ActiveCfg = Release|Any CPU
		{7A286C87-A770-47BB-93E8-514F8E3EEB35}.Release|x64.Build.0 = Release|Any CPU
		{7A286C87-A770-47BB-93E8-514F8E3EEB35}.Release|x86.ActiveCfg = Release|Any CPU
		{7A286C87-A770-47BB-93E8-514F8E3EEB35}.Release|x86.Build.0 = Release|Any CPU
		{536146B2-00D6-4B73-98F4-18D8B56F26B7}.Debug|Any CPU.ActiveCfg = Debug|Any CPU
		{536146B2-00D6-4B73-98F4-18D8B56F26B7}.Debug|Any CPU.Build.0 = Debug|Any CPU
		{536146B2-00D6-4B73-98F4-18D8B56F26B7}.Debug|x64.ActiveCfg = Debug|Any CPU
		{536146B2-00D6-4B73-98F4-18D8B56F26B7}.Debug|x64.Build.0 = Debug|Any CPU
		{536146B2-00D6-4B73-98F4-18D8B56F26B7}.Debug|x86.ActiveCfg = Debug|Any CPU
		{536146B2-00D6-4B73-98F4-18D8B56F26B7}.Debug|x86.Build.0 = Debug|Any CPU
		{536146B2-00D6-4B73-98F4-18D8B56F26B7}.Release|Any CPU.ActiveCfg = Release|Any CPU
		{536146B2-00D6-4B73-98F4-18D8B56F26B7}.Release|Any CPU.Build.0 = Release|Any CPU
		{536146B2-00D6-4B73-98F4-18D8B56F26B7}.Release|x64.ActiveCfg = Release|Any CPU
		{536146B2-00D6-4B73-98F4-18D8B56F26B7}.Release|x64.Build.0 = Release|Any CPU
		{536146B2-00D6-4B73-98F4-18D8B56F26B7}.Release|x86.ActiveCfg = Release|Any CPU
		{536146B2-00D6-4B73-98F4-18D8B56F26B7}.Release|x86.Build.0 = Release|Any CPU
		{48D72608-4539-4D7C-BF9A-36EC8ABAD44F}.Debug|Any CPU.ActiveCfg = Debug|Any CPU
		{48D72608-4539-4D7C-BF9A-36EC8ABAD44F}.Debug|Any CPU.Build.0 = Debug|Any CPU
		{48D72608-4539-4D7C-BF9A-36EC8ABAD44F}.Debug|x64.ActiveCfg = Debug|Any CPU
		{48D72608-4539-4D7C-BF9A-36EC8ABAD44F}.Debug|x64.Build.0 = Debug|Any CPU
		{48D72608-4539-4D7C-BF9A-36EC8ABAD44F}.Debug|x86.ActiveCfg = Debug|Any CPU
		{48D72608-4539-4D7C-BF9A-36EC8ABAD44F}.Debug|x86.Build.0 = Debug|Any CPU
		{48D72608-4539-4D7C-BF9A-36EC8ABAD44F}.Release|Any CPU.ActiveCfg = Release|Any CPU
		{48D72608-4539-4D7C-BF9A-36EC8ABAD44F}.Release|Any CPU.Build.0 = Release|Any CPU
		{48D72608-4539-4D7C-BF9A-36EC8ABAD44F}.Release|x64.ActiveCfg = Release|Any CPU
		{48D72608-4539-4D7C-BF9A-36EC8ABAD44F}.Release|x64.Build.0 = Release|Any CPU
		{48D72608-4539-4D7C-BF9A-36EC8ABAD44F}.Release|x86.ActiveCfg = Release|Any CPU
		{48D72608-4539-4D7C-BF9A-36EC8ABAD44F}.Release|x86.Build.0 = Release|Any CPU
		{134F0D31-0AEC-449E-A049-5B98AF252206}.Debug|Any CPU.ActiveCfg = Debug|Any CPU
		{134F0D31-0AEC-449E-A049-5B98AF252206}.Debug|Any CPU.Build.0 = Debug|Any CPU
		{134F0D31-0AEC-449E-A049-5B98AF252206}.Debug|x64.ActiveCfg = Debug|Any CPU
		{134F0D31-0AEC-449E-A049-5B98AF252206}.Debug|x64.Build.0 = Debug|Any CPU
		{134F0D31-0AEC-449E-A049-5B98AF252206}.Debug|x86.ActiveCfg = Debug|Any CPU
		{134F0D31-0AEC-449E-A049-5B98AF252206}.Debug|x86.Build.0 = Debug|Any CPU
		{134F0D31-0AEC-449E-A049-5B98AF252206}.Release|Any CPU.ActiveCfg = Release|Any CPU
		{134F0D31-0AEC-449E-A049-5B98AF252206}.Release|Any CPU.Build.0 = Release|Any CPU
		{134F0D31-0AEC-449E-A049-5B98AF252206}.Release|x64.ActiveCfg = Release|Any CPU
		{134F0D31-0AEC-449E-A049-5B98AF252206}.Release|x64.Build.0 = Release|Any CPU
		{134F0D31-0AEC-449E-A049-5B98AF252206}.Release|x86.ActiveCfg = Release|Any CPU
		{134F0D31-0AEC-449E-A049-5B98AF252206}.Release|x86.Build.0 = Release|Any CPU
		{A74A0C5E-4D53-443A-B1D1-AF7314076113}.Debug|Any CPU.ActiveCfg = Debug|Any CPU
		{A74A0C5E-4D53-443A-B1D1-AF7314076113}.Debug|Any CPU.Build.0 = Debug|Any CPU
		{A74A0C5E-4D53-443A-B1D1-AF7314076113}.Debug|x64.ActiveCfg = Debug|Any CPU
		{A74A0C5E-4D53-443A-B1D1-AF7314076113}.Debug|x64.Build.0 = Debug|Any CPU
		{A74A0C5E-4D53-443A-B1D1-AF7314076113}.Debug|x86.ActiveCfg = Debug|Any CPU
		{A74A0C5E-4D53-443A-B1D1-AF7314076113}.Debug|x86.Build.0 = Debug|Any CPU
		{A74A0C5E-4D53-443A-B1D1-AF7314076113}.Release|Any CPU.ActiveCfg = Release|Any CPU
		{A74A0C5E-4D53-443A-B1D1-AF7314076113}.Release|Any CPU.Build.0 = Release|Any CPU
		{A74A0C5E-4D53-443A-B1D1-AF7314076113}.Release|x64.ActiveCfg = Release|Any CPU
		{A74A0C5E-4D53-443A-B1D1-AF7314076113}.Release|x64.Build.0 = Release|Any CPU
		{A74A0C5E-4D53-443A-B1D1-AF7314076113}.Release|x86.ActiveCfg = Release|Any CPU
		{A74A0C5E-4D53-443A-B1D1-AF7314076113}.Release|x86.Build.0 = Release|Any CPU
		{8F1B0E69-B3FD-4A94-A1AA-805F54A1C04D}.Debug|Any CPU.ActiveCfg = Debug|Any CPU
		{8F1B0E69-B3FD-4A94-A1AA-805F54A1C04D}.Debug|Any CPU.Build.0 = Debug|Any CPU
		{8F1B0E69-B3FD-4A94-A1AA-805F54A1C04D}.Debug|x64.ActiveCfg = Debug|Any CPU
		{8F1B0E69-B3FD-4A94-A1AA-805F54A1C04D}.Debug|x64.Build.0 = Debug|Any CPU
		{8F1B0E69-B3FD-4A94-A1AA-805F54A1C04D}.Debug|x86.ActiveCfg = Debug|Any CPU
		{8F1B0E69-B3FD-4A94-A1AA-805F54A1C04D}.Debug|x86.Build.0 = Debug|Any CPU
		{8F1B0E69-B3FD-4A94-A1AA-805F54A1C04D}.Release|Any CPU.ActiveCfg = Release|Any CPU
		{8F1B0E69-B3FD-4A94-A1AA-805F54A1C04D}.Release|Any CPU.Build.0 = Release|Any CPU
		{8F1B0E69-B3FD-4A94-A1AA-805F54A1C04D}.Release|x64.ActiveCfg = Release|Any CPU
		{8F1B0E69-B3FD-4A94-A1AA-805F54A1C04D}.Release|x64.Build.0 = Release|Any CPU
		{8F1B0E69-B3FD-4A94-A1AA-805F54A1C04D}.Release|x86.ActiveCfg = Release|Any CPU
		{8F1B0E69-B3FD-4A94-A1AA-805F54A1C04D}.Release|x86.Build.0 = Release|Any CPU
		{9BCE994C-EBFD-49C3-90B9-F58D88336786}.Debug|Any CPU.ActiveCfg = Debug|Any CPU
		{9BCE994C-EBFD-49C3-90B9-F58D88336786}.Debug|Any CPU.Build.0 = Debug|Any CPU
		{9BCE994C-EBFD-49C3-90B9-F58D88336786}.Debug|x64.ActiveCfg = Debug|Any CPU
		{9BCE994C-EBFD-49C3-90B9-F58D88336786}.Debug|x64.Build.0 = Debug|Any CPU
		{9BCE994C-EBFD-49C3-90B9-F58D88336786}.Debug|x86.ActiveCfg = Debug|Any CPU
		{9BCE994C-EBFD-49C3-90B9-F58D88336786}.Debug|x86.Build.0 = Debug|Any CPU
		{9BCE994C-EBFD-49C3-90B9-F58D88336786}.Release|Any CPU.ActiveCfg = Release|Any CPU
		{9BCE994C-EBFD-49C3-90B9-F58D88336786}.Release|Any CPU.Build.0 = Release|Any CPU
		{9BCE994C-EBFD-49C3-90B9-F58D88336786}.Release|x64.ActiveCfg = Release|Any CPU
		{9BCE994C-EBFD-49C3-90B9-F58D88336786}.Release|x64.Build.0 = Release|Any CPU
		{9BCE994C-EBFD-49C3-90B9-F58D88336786}.Release|x86.ActiveCfg = Release|Any CPU
		{9BCE994C-EBFD-49C3-90B9-F58D88336786}.Release|x86.Build.0 = Release|Any CPU
		{5A87CA13-1054-49D3-9ED2-C26EB98FBBC5}.Debug|Any CPU.ActiveCfg = Debug|Any CPU
		{5A87CA13-1054-49D3-9ED2-C26EB98FBBC5}.Debug|Any CPU.Build.0 = Debug|Any CPU
		{5A87CA13-1054-49D3-9ED2-C26EB98FBBC5}.Debug|x64.ActiveCfg = Debug|Any CPU
		{5A87CA13-1054-49D3-9ED2-C26EB98FBBC5}.Debug|x64.Build.0 = Debug|Any CPU
		{5A87CA13-1054-49D3-9ED2-C26EB98FBBC5}.Debug|x86.ActiveCfg = Debug|Any CPU
		{5A87CA13-1054-49D3-9ED2-C26EB98FBBC5}.Debug|x86.Build.0 = Debug|Any CPU
		{5A87CA13-1054-49D3-9ED2-C26EB98FBBC5}.Release|Any CPU.ActiveCfg = Release|Any CPU
		{5A87CA13-1054-49D3-9ED2-C26EB98FBBC5}.Release|Any CPU.Build.0 = Release|Any CPU
		{5A87CA13-1054-49D3-9ED2-C26EB98FBBC5}.Release|x64.ActiveCfg = Release|Any CPU
		{5A87CA13-1054-49D3-9ED2-C26EB98FBBC5}.Release|x64.Build.0 = Release|Any CPU
		{5A87CA13-1054-49D3-9ED2-C26EB98FBBC5}.Release|x86.ActiveCfg = Release|Any CPU
		{5A87CA13-1054-49D3-9ED2-C26EB98FBBC5}.Release|x86.Build.0 = Release|Any CPU
		{A44E92FE-EDEF-40D3-A1C9-724DBF5CC0CE}.Debug|Any CPU.ActiveCfg = Debug|Any CPU
		{A44E92FE-EDEF-40D3-A1C9-724DBF5CC0CE}.Debug|Any CPU.Build.0 = Debug|Any CPU
		{A44E92FE-EDEF-40D3-A1C9-724DBF5CC0CE}.Debug|x64.ActiveCfg = Debug|Any CPU
		{A44E92FE-EDEF-40D3-A1C9-724DBF5CC0CE}.Debug|x64.Build.0 = Debug|Any CPU
		{A44E92FE-EDEF-40D3-A1C9-724DBF5CC0CE}.Debug|x86.ActiveCfg = Debug|Any CPU
		{A44E92FE-EDEF-40D3-A1C9-724DBF5CC0CE}.Debug|x86.Build.0 = Debug|Any CPU
		{A44E92FE-EDEF-40D3-A1C9-724DBF5CC0CE}.Release|Any CPU.ActiveCfg = Release|Any CPU
		{A44E92FE-EDEF-40D3-A1C9-724DBF5CC0CE}.Release|Any CPU.Build.0 = Release|Any CPU
		{A44E92FE-EDEF-40D3-A1C9-724DBF5CC0CE}.Release|x64.ActiveCfg = Release|Any CPU
		{A44E92FE-EDEF-40D3-A1C9-724DBF5CC0CE}.Release|x64.Build.0 = Release|Any CPU
		{A44E92FE-EDEF-40D3-A1C9-724DBF5CC0CE}.Release|x86.ActiveCfg = Release|Any CPU
		{A44E92FE-EDEF-40D3-A1C9-724DBF5CC0CE}.Release|x86.Build.0 = Release|Any CPU
	EndGlobalSection
	GlobalSection(SolutionProperties) = preSolution
		HideSolutionNode = FALSE
	EndGlobalSection
	GlobalSection(NestedProjects) = preSolution
		{ACAFF227-C307-C93B-24FB-255AEFB27327} = {9A0CCAB9-4303-13B4-2371-F1B97FF5B728}
		{E2BEEF8F-DA7F-4A15-8ED2-00AA47AD55DB} = {ACAFF227-C307-C93B-24FB-255AEFB27327}
		{5C9CE2BD-49E9-4A3D-BF66-42B1D97BD96C} = {ACAFF227-C307-C93B-24FB-255AEFB27327}
		{E00C88E1-09A7-4DF6-A9DC-76B67896794D} = {ACAFF227-C307-C93B-24FB-255AEFB27327}
		{DA7A2C3B-1F37-46C0-B357-C60A9B14C2F4} = {ACAFF227-C307-C93B-24FB-255AEFB27327}
		{FE4CAA3F-799E-4975-9CF0-EF807AFDA6D1} = {ACAFF227-C307-C93B-24FB-255AEFB27327}
		{E5928EC5-3C46-4A26-A803-36B2FF8E2D40} = {ACAFF227-C307-C93B-24FB-255AEFB27327}
		{EBFADD8A-7BE7-4F28-9512-0115AA0D0C1F} = {ACAFF227-C307-C93B-24FB-255AEFB27327}
		{C9634602-B636-4CD8-B0FD-66868443AC84} = {ACAFF227-C307-C93B-24FB-255AEFB27327}
		{3862C6E7-3C6D-4117-8622-D0F2AF4FD780} = {ACAFF227-C307-C93B-24FB-255AEFB27327}
		{0306C431-8790-AEF1-89C9-FFB99B31B692} = {09D8FB36-4898-7C8E-B3F7-02AC6C3AAC25}
		{88F683E5-DBFE-E66C-E6A8-C71B16F96BE2} = {0306C431-8790-AEF1-89C9-FFB99B31B692}
		{C89C157E-7E20-468E-B44A-DB58E86A009B} = {88F683E5-DBFE-E66C-E6A8-C71B16F96BE2}
		{D87FD834-9C26-47CB-AAEF-3FF24DA9CBB7} = {88F683E5-DBFE-E66C-E6A8-C71B16F96BE2}
		{050A9E6B-4975-48AB-BF43-0B8C282359B2} = {88F683E5-DBFE-E66C-E6A8-C71B16F96BE2}
		{0CC1B8B3-F13F-4F60-9060-8B727B554510} = {88F683E5-DBFE-E66C-E6A8-C71B16F96BE2}
		{C5CFB232-F0FA-4787-95D7-14174755A373} = {88F683E5-DBFE-E66C-E6A8-C71B16F96BE2}
		{8D915A55-DE9A-456D-BDE4-6A86409A710E} = {88F683E5-DBFE-E66C-E6A8-C71B16F96BE2}
		{46B5D178-21EF-49EA-A7D9-55F2A20CCA7F} = {88F683E5-DBFE-E66C-E6A8-C71B16F96BE2}
		{826FDC0C-851F-4BC7-9C27-D833084F194D} = {88F683E5-DBFE-E66C-E6A8-C71B16F96BE2}
		{31CD0A17-381A-4EB4-9769-4D1A367917EC} = {88F683E5-DBFE-E66C-E6A8-C71B16F96BE2}
		{D7E8A83B-4FEF-4D80-A6DD-63AA0DB7AD68} = {ACAFF227-C307-C93B-24FB-255AEFB27327}
		{7A286C87-A770-47BB-93E8-514F8E3EEB35} = {88F683E5-DBFE-E66C-E6A8-C71B16F96BE2}
		{536146B2-00D6-4B73-98F4-18D8B56F26B7} = {88F683E5-DBFE-E66C-E6A8-C71B16F96BE2}
		{48D72608-4539-4D7C-BF9A-36EC8ABAD44F} = {88F683E5-DBFE-E66C-E6A8-C71B16F96BE2}
		{134F0D31-0AEC-449E-A049-5B98AF252206} = {88F683E5-DBFE-E66C-E6A8-C71B16F96BE2}
		{A74A0C5E-4D53-443A-B1D1-AF7314076113} = {88F683E5-DBFE-E66C-E6A8-C71B16F96BE2}
		{8F1B0E69-B3FD-4A94-A1AA-805F54A1C04D} = {ACAFF227-C307-C93B-24FB-255AEFB27327}
		{9BCE994C-EBFD-49C3-90B9-F58D88336786} = {88F683E5-DBFE-E66C-E6A8-C71B16F96BE2}
		{5A87CA13-1054-49D3-9ED2-C26EB98FBBC5} = {ACAFF227-C307-C93B-24FB-255AEFB27327}
		{1E7B0944-635D-78BC-95F9-6F520EBC4385} = {0306C431-8790-AEF1-89C9-FFB99B31B692}
		{A44E92FE-EDEF-40D3-A1C9-724DBF5CC0CE} = {1E7B0944-635D-78BC-95F9-6F520EBC4385}
	EndGlobalSection
EndGlobal
